{
  "name": "plaoc-ts",
  "version": "0.0.0",
  "lockfileVersion": 2,
  "requires": true,
  "packages": {
    "": {
      "name": "plaoc-ts",
      "version": "0.0.0",
      "dependencies": {
        "@ionic/vue": "^6.2.5",
        "@ionic/vue-router": "^6.2.5",
        "vue": "^3.2.37",
        "vue-router": "4"
      },
      "devDependencies": {
        "@types/node": "^18.7.14",
        "@vitejs/plugin-vue": "^3.0.0",
        "typescript": "^4.6.4",
        "vite": "^3.0.0",
        "vue-tsc": "^0.38.4"
      }
    },
    "node_modules/@babel/parser": {
      "version": "7.18.11",
      "resolved": "https://registry.npmmirror.com/@babel/parser/-/parser-7.18.11.tgz",
      "integrity": "sha512-9JKn5vN+hDt0Hdqn1PiJ2guflwP+B6Ga8qbDuoF0PzzVhrzsKIJo8yGqVk6CmMHiMei9w1C1Bp9IMJSIK+HPIQ==",
      "license": "MIT",
      "bin": {
        "parser": "bin/babel-parser.js"
      },
      "engines": {
        "node": ">=6.0.0"
      }
    },
    "node_modules/@ionic/core": {
      "version": "6.2.5",
      "resolved": "https://registry.npmjs.org/@ionic/core/-/core-6.2.5.tgz",
      "integrity": "sha512-PLnG182RYydXB71cjkMk2TLxFVKabvEc9wjeK5SsvxI1/QE9+wPfxDnvKWag8UeXgaGUhby1bitWkV5pniDaXA==",
      "license": "MIT",
      "dependencies": {
        "@stencil/core": "^2.17.4",
        "ionicons": "^6.0.3",
        "tslib": "^2.1.0"
      }
    },
    "node_modules/@ionic/vue": {
      "version": "6.2.5",
      "resolved": "https://registry.npmjs.org/@ionic/vue/-/vue-6.2.5.tgz",
      "integrity": "sha512-8mfUVb6jogmw0NLTIzcrcCQztsTLCk3MEPFOGH6UqeynHUMqP0XT/RBzNTG/dYc1XcKDgO3LFod4sEY4aKuceg==",
      "license": "MIT",
      "dependencies": {
        "@ionic/core": "^6.2.5",
        "ionicons": "^6.0.2"
      }
    },
    "node_modules/@ionic/vue-router": {
      "version": "6.2.5",
      "resolved": "https://registry.npmjs.org/@ionic/vue-router/-/vue-router-6.2.5.tgz",
      "integrity": "sha512-bitEsfgh7cUslc1ZLEY7BGu05bV4t2L18iSlFNdMDrWN5TCURzh1q1qkLgKw5TRXaJUa/szAXgJrkfMHlNmN3A==",
      "license": "MIT",
      "dependencies": {
        "@ionic/vue": "^6.2.5"
      }
    },
    "node_modules/@stencil/core": {
      "version": "2.17.4",
      "resolved": "https://registry.npmjs.org/@stencil/core/-/core-2.17.4.tgz",
      "integrity": "sha512-SGRlHpjV1RyFvzw6jFMVKpLNox9Eds3VvpbpD2SW9CuxdLonHDSFtQks5zmT4zs1Rse9I6kFc2mFK/dHNTalkg==",
      "license": "MIT",
      "bin": {
        "stencil": "bin/stencil"
      },
      "engines": {
        "node": ">=12.10.0",
        "npm": ">=6.0.0"
      }
    },
    "node_modules/@types/node": {
      "version": "18.7.14",
      "resolved": "https://registry.npmjs.org/@types/node/-/node-18.7.14.tgz",
      "integrity": "sha512-6bbDaETVi8oyIARulOE9qF1/Qdi/23z6emrUh0fNJRUmjznqrixD4MpGDdgOFk5Xb0m2H6Xu42JGdvAxaJR/wA==",
      "dev": true,
      "license": "MIT"
    },
    "node_modules/@vitejs/plugin-vue": {
      "version": "3.0.2",
      "resolved": "https://registry.npmmirror.com/@vitejs/plugin-vue/-/plugin-vue-3.0.2.tgz",
      "integrity": "sha512-LAqb+tibmsKmSbxBzsMqWVJe6gDE4BDmFLjIzk4YdHgeiRCTokPbK8yRB3dRxDRwNk4IFwCFVE6+WP+YM0mbJg==",
      "dev": true,
      "license": "MIT",
      "engines": {
        "node": "^14.18.0 || >=16.0.0"
      },
      "peerDependencies": {
        "vite": "^3.0.0",
        "vue": "^3.2.25"
      }
    },
    "node_modules/@volar/code-gen": {
      "version": "0.38.9",
      "resolved": "https://registry.npmmirror.com/@volar/code-gen/-/code-gen-0.38.9.tgz",
      "integrity": "sha512-n6LClucfA+37rQeskvh9vDoZV1VvCVNy++MAPKj2dT4FT+Fbmty/SDQqnsEBtdEe6E3OQctFvA/IcKsx3Mns0A==",
      "dev": true,
      "license": "MIT",
      "dependencies": {
        "@volar/source-map": "0.38.9"
      }
    },
    "node_modules/@volar/source-map": {
      "version": "0.38.9",
      "resolved": "https://registry.npmmirror.com/@volar/source-map/-/source-map-0.38.9.tgz",
      "integrity": "sha512-ba0UFoHDYry+vwKdgkWJ6xlQT+8TFtZg1zj9tSjj4PykW1JZDuM0xplMotLun4h3YOoYfY9K1huY5gvxmrNLIw==",
      "dev": true,
      "license": "MIT"
    },
    "node_modules/@volar/vue-code-gen": {
      "version": "0.38.9",
      "resolved": "https://registry.npmmirror.com/@volar/vue-code-gen/-/vue-code-gen-0.38.9.tgz",
      "integrity": "sha512-tzj7AoarFBKl7e41MR006ncrEmNPHALuk8aG4WdDIaG387X5//5KhWC5Ff3ZfB2InGSeNT+CVUd74M0gS20rjA==",
      "dev": true,
      "license": "MIT",
      "dependencies": {
        "@volar/code-gen": "0.38.9",
        "@volar/source-map": "0.38.9",
        "@vue/compiler-core": "^3.2.37",
        "@vue/compiler-dom": "^3.2.37",
        "@vue/shared": "^3.2.37"
      }
    },
    "node_modules/@volar/vue-typescript": {
      "version": "0.38.9",
      "resolved": "https://registry.npmmirror.com/@volar/vue-typescript/-/vue-typescript-0.38.9.tgz",
      "integrity": "sha512-iJMQGU91ADi98u8V1vXd2UBmELDAaeSP0ZJaFjwosClQdKlJQYc6MlxxKfXBZisHqfbhdtrGRyaryulnYtliZw==",
      "dev": true,
      "license": "MIT",
      "dependencies": {
        "@volar/code-gen": "0.38.9",
        "@volar/source-map": "0.38.9",
        "@volar/vue-code-gen": "0.38.9",
        "@vue/compiler-sfc": "^3.2.37",
        "@vue/reactivity": "^3.2.37"
      }
    },
    "node_modules/@vue/compiler-core": {
      "version": "3.2.37",
      "resolved": "https://registry.npmmirror.com/@vue/compiler-core/-/compiler-core-3.2.37.tgz",
      "integrity": "sha512-81KhEjo7YAOh0vQJoSmAD68wLfYqJvoiD4ulyedzF+OEk/bk6/hx3fTNVfuzugIIaTrOx4PGx6pAiBRe5e9Zmg==",
      "license": "MIT",
      "dependencies": {
        "@babel/parser": "^7.16.4",
        "@vue/shared": "3.2.37",
        "estree-walker": "^2.0.2",
        "source-map": "^0.6.1"
      }
    },
    "node_modules/@vue/compiler-dom": {
      "version": "3.2.37",
      "resolved": "https://registry.npmmirror.com/@vue/compiler-dom/-/compiler-dom-3.2.37.tgz",
      "integrity": "sha512-yxJLH167fucHKxaqXpYk7x8z7mMEnXOw3G2q62FTkmsvNxu4FQSu5+3UMb+L7fjKa26DEzhrmCxAgFLLIzVfqQ==",
      "license": "MIT",
      "dependencies": {
        "@vue/compiler-core": "3.2.37",
        "@vue/shared": "3.2.37"
      }
    },
    "node_modules/@vue/compiler-sfc": {
      "version": "3.2.37",
      "resolved": "https://registry.npmmirror.com/@vue/compiler-sfc/-/compiler-sfc-3.2.37.tgz",
      "integrity": "sha512-+7i/2+9LYlpqDv+KTtWhOZH+pa8/HnX/905MdVmAcI/mPQOBwkHHIzrsEsucyOIZQYMkXUiTkmZq5am/NyXKkg==",
      "license": "MIT",
      "dependencies": {
        "@babel/parser": "^7.16.4",
        "@vue/compiler-core": "3.2.37",
        "@vue/compiler-dom": "3.2.37",
        "@vue/compiler-ssr": "3.2.37",
        "@vue/reactivity-transform": "3.2.37",
        "@vue/shared": "3.2.37",
        "estree-walker": "^2.0.2",
        "magic-string": "^0.25.7",
        "postcss": "^8.1.10",
        "source-map": "^0.6.1"
      }
    },
    "node_modules/@vue/compiler-ssr": {
      "version": "3.2.37",
      "resolved": "https://registry.npmmirror.com/@vue/compiler-ssr/-/compiler-ssr-3.2.37.tgz",
      "integrity": "sha512-7mQJD7HdXxQjktmsWp/J67lThEIcxLemz1Vb5I6rYJHR5vI+lON3nPGOH3ubmbvYGt8xEUaAr1j7/tIFWiEOqw==",
      "license": "MIT",
      "dependencies": {
        "@vue/compiler-dom": "3.2.37",
        "@vue/shared": "3.2.37"
      }
    },
    "node_modules/@vue/devtools-api": {
      "version": "6.2.1",
      "resolved": "https://registry.npmjs.org/@vue/devtools-api/-/devtools-api-6.2.1.tgz",
      "integrity": "sha512-OEgAMeQXvCoJ+1x8WyQuVZzFo0wcyCmUR3baRVLmKBo1LmYZWMlRiXlux5jd0fqVJu6PfDbOrZItVqUEzLobeQ==",
      "license": "MIT"
    },
    "node_modules/@vue/reactivity": {
      "version": "3.2.37",
      "resolved": "https://registry.npmmirror.com/@vue/reactivity/-/reactivity-3.2.37.tgz",
      "integrity": "sha512-/7WRafBOshOc6m3F7plwzPeCu/RCVv9uMpOwa/5PiY1Zz+WLVRWiy0MYKwmg19KBdGtFWsmZ4cD+LOdVPcs52A==",
      "license": "MIT",
      "dependencies": {
        "@vue/shared": "3.2.37"
      }
    },
    "node_modules/@vue/reactivity-transform": {
      "version": "3.2.37",
      "resolved": "https://registry.npmmirror.com/@vue/reactivity-transform/-/reactivity-transform-3.2.37.tgz",
      "integrity": "sha512-IWopkKEb+8qpu/1eMKVeXrK0NLw9HicGviJzhJDEyfxTR9e1WtpnnbYkJWurX6WwoFP0sz10xQg8yL8lgskAZg==",
      "license": "MIT",
      "dependencies": {
        "@babel/parser": "^7.16.4",
        "@vue/compiler-core": "3.2.37",
        "@vue/shared": "3.2.37",
        "estree-walker": "^2.0.2",
        "magic-string": "^0.25.7"
      }
    },
    "node_modules/@vue/runtime-core": {
      "version": "3.2.37",
      "resolved": "https://registry.npmmirror.com/@vue/runtime-core/-/runtime-core-3.2.37.tgz",
      "integrity": "sha512-JPcd9kFyEdXLl/i0ClS7lwgcs0QpUAWj+SKX2ZC3ANKi1U4DOtiEr6cRqFXsPwY5u1L9fAjkinIdB8Rz3FoYNQ==",
      "license": "MIT",
      "dependencies": {
        "@vue/reactivity": "3.2.37",
        "@vue/shared": "3.2.37"
      }
    },
    "node_modules/@vue/runtime-dom": {
      "version": "3.2.37",
      "resolved": "https://registry.npmmirror.com/@vue/runtime-dom/-/runtime-dom-3.2.37.tgz",
      "integrity": "sha512-HimKdh9BepShW6YozwRKAYjYQWg9mQn63RGEiSswMbW+ssIht1MILYlVGkAGGQbkhSh31PCdoUcfiu4apXJoPw==",
      "license": "MIT",
      "dependencies": {
        "@vue/runtime-core": "3.2.37",
        "@vue/shared": "3.2.37",
        "csstype": "^2.6.8"
      }
    },
    "node_modules/@vue/server-renderer": {
      "version": "3.2.37",
      "resolved": "https://registry.npmmirror.com/@vue/server-renderer/-/server-renderer-3.2.37.tgz",
      "integrity": "sha512-kLITEJvaYgZQ2h47hIzPh2K3jG8c1zCVbp/o/bzQOyvzaKiCquKS7AaioPI28GNxIsE/zSx+EwWYsNxDCX95MA==",
      "license": "MIT",
      "dependencies": {
        "@vue/compiler-ssr": "3.2.37",
        "@vue/shared": "3.2.37"
      },
      "peerDependencies": {
        "vue": "3.2.37"
      }
    },
    "node_modules/@vue/shared": {
      "version": "3.2.37",
      "resolved": "https://registry.npmmirror.com/@vue/shared/-/shared-3.2.37.tgz",
      "integrity": "sha512-4rSJemR2NQIo9Klm1vabqWjD8rs/ZaJSzMxkMNeJS6lHiUjjUeYFbooN19NgFjztubEKh3WlZUeOLVdbbUWHsw==",
      "license": "MIT"
    },
    "node_modules/csstype": {
      "version": "2.6.20",
      "resolved": "https://registry.npmmirror.com/csstype/-/csstype-2.6.20.tgz",
      "integrity": "sha512-/WwNkdXfckNgw6S5R125rrW8ez139lBHWouiBvX8dfMFtcn6V81REDqnH7+CRpRipfYlyU1CmOnOxrmGcFOjeA==",
      "license": "MIT"
    },
    "node_modules/esbuild": {
      "version": "0.14.54",
      "resolved": "https://registry.npmmirror.com/esbuild/-/esbuild-0.14.54.tgz",
      "integrity": "sha512-Cy9llcy8DvET5uznocPyqL3BFRrFXSVqbgpMJ9Wz8oVjZlh/zUSNbPRbov0VX7VxN2JH1Oa0uNxZ7eLRb62pJA==",
      "dev": true,
      "hasInstallScript": true,
      "license": "MIT",
      "bin": {
        "esbuild": "bin/esbuild"
      },
      "engines": {
        "node": ">=12"
      },
      "optionalDependencies": {
        "@esbuild/linux-loong64": "0.14.54",
        "esbuild-android-64": "0.14.54",
        "esbuild-android-arm64": "0.14.54",
        "esbuild-darwin-64": "0.14.54",
        "esbuild-darwin-arm64": "0.14.54",
        "esbuild-freebsd-64": "0.14.54",
        "esbuild-freebsd-arm64": "0.14.54",
        "esbuild-linux-32": "0.14.54",
        "esbuild-linux-64": "0.14.54",
        "esbuild-linux-arm": "0.14.54",
        "esbuild-linux-arm64": "0.14.54",
        "esbuild-linux-mips64le": "0.14.54",
        "esbuild-linux-ppc64le": "0.14.54",
        "esbuild-linux-riscv64": "0.14.54",
        "esbuild-linux-s390x": "0.14.54",
        "esbuild-netbsd-64": "0.14.54",
        "esbuild-openbsd-64": "0.14.54",
        "esbuild-sunos-64": "0.14.54",
        "esbuild-windows-32": "0.14.54",
        "esbuild-windows-64": "0.14.54",
        "esbuild-windows-arm64": "0.14.54"
      }
    },
    "node_modules/esbuild-darwin-64": {
      "version": "0.14.54",
      "resolved": "https://registry.npmmirror.com/esbuild-darwin-64/-/esbuild-darwin-64-0.14.54.tgz",
      "integrity": "sha512-jtdKWV3nBviOd5v4hOpkVmpxsBy90CGzebpbO9beiqUYVMBtSc0AL9zGftFuBon7PNDcdvNCEuQqw2x0wP9yug==",
      "cpu": [
        "x64"
      ],
      "dev": true,
      "license": "MIT",
      "optional": true,
      "os": [
        "darwin"
      ],
      "engines": {
        "node": ">=12"
      }
    },
    "node_modules/estree-walker": {
      "version": "2.0.2",
      "resolved": "https://registry.npmmirror.com/estree-walker/-/estree-walker-2.0.2.tgz",
      "integrity": "sha512-Rfkk/Mp/DL7JVje3u18FxFujQlTNR2q6QfMSMB7AvCBx91NGj/ba3kCfza0f6dVDbw7YlRf/nDrn7pQrCCyQ/w==",
      "license": "MIT"
    },
    "node_modules/fsevents": {
      "version": "2.3.2",
      "resolved": "https://registry.npmmirror.com/fsevents/-/fsevents-2.3.2.tgz",
      "integrity": "sha512-xiqMQR4xAeHTuB9uWm+fFRcIOgKBMiOBP+eXiyT7jsgVCq1bkVygt00oASowB7EdtpOHaaPgKt812P9ab+DDKA==",
      "dev": true,
      "license": "MIT",
      "optional": true,
      "os": [
        "darwin"
      ],
      "engines": {
        "node": "^8.16.0 || ^10.6.0 || >=11.0.0"
      }
    },
    "node_modules/function-bind": {
      "version": "1.1.1",
      "resolved": "https://registry.npmmirror.com/function-bind/-/function-bind-1.1.1.tgz",
      "integrity": "sha512-yIovAzMX49sF8Yl58fSCWJ5svSLuaibPxXQJFLmBObTuCr0Mf1KiPopGM9NiFjiYBCbfaa2Fh6breQ6ANVTI0A==",
      "dev": true,
      "license": "MIT"
    },
    "node_modules/has": {
      "version": "1.0.3",
      "resolved": "https://registry.npmmirror.com/has/-/has-1.0.3.tgz",
      "integrity": "sha512-f2dvO0VU6Oej7RkWJGrehjbzMAjFp5/VKPp5tTpWIV4JHHZK1/BxbFRtf/siA2SWTe09caDmVtYYzWEIbBS4zw==",
      "dev": true,
      "license": "MIT",
      "dependencies": {
        "function-bind": "^1.1.1"
      },
      "engines": {
        "node": ">= 0.4.0"
      }
    },
    "node_modules/ionicons": {
      "version": "6.0.3",
      "resolved": "https://registry.npmjs.org/ionicons/-/ionicons-6.0.3.tgz",
      "integrity": "sha512-kVOWER991EMqLiVShrCSWKMHkgHZP7XfVdyN6YPMuoO33W7pc5CPNVNfR8OMe/I8rYEbaunyBs6dXNYpR6gGZw==",
      "license": "MIT",
      "dependencies": {
        "@stencil/core": "~2.16.0"
      }
    },
    "node_modules/ionicons/node_modules/@stencil/core": {
      "version": "2.16.1",
      "resolved": "https://registry.npmjs.org/@stencil/core/-/core-2.16.1.tgz",
      "integrity": "sha512-s/UJp9qxExL3DyQPT70kiuWeb3AdjbUZM+5lEIXn30I2DLcLYPOPXfsoWJODieQywq+3vPiLZeIdkoqjf6jcSw==",
      "license": "MIT",
      "bin": {
        "stencil": "bin/stencil"
      },
      "engines": {
        "node": ">=12.10.0",
        "npm": ">=6.0.0"
      }
    },
    "node_modules/is-core-module": {
      "version": "2.10.0",
      "resolved": "https://registry.npmmirror.com/is-core-module/-/is-core-module-2.10.0.tgz",
      "integrity": "sha512-Erxj2n/LDAZ7H8WNJXd9tw38GYM3dv8rk8Zcs+jJuxYTW7sozH+SS8NtrSjVL1/vpLvWi1hxy96IzjJ3EHTJJg==",
      "dev": true,
      "license": "MIT",
      "dependencies": {
        "has": "^1.0.3"
      },
      "funding": {
        "url": "https://github.com/sponsors/ljharb"
      }
    },
    "node_modules/magic-string": {
      "version": "0.25.9",
      "resolved": "https://registry.npmmirror.com/magic-string/-/magic-string-0.25.9.tgz",
      "integrity": "sha512-RmF0AsMzgt25qzqqLc1+MbHmhdx0ojF2Fvs4XnOqz2ZOBXzzkEwc/dJQZCYHAn7v1jbVOjAZfK8msRn4BxO4VQ==",
      "license": "MIT",
      "dependencies": {
        "sourcemap-codec": "^1.4.8"
      }
    },
    "node_modules/nanoid": {
      "version": "3.3.4",
      "resolved": "https://registry.npmmirror.com/nanoid/-/nanoid-3.3.4.tgz",
      "integrity": "sha512-MqBkQh/OHTS2egovRtLk45wEyNXwF+cokD+1YPf9u5VfJiRdAiRwB2froX5Co9Rh20xs4siNPm8naNotSD6RBw==",
      "license": "MIT",
      "bin": {
        "nanoid": "bin/nanoid.cjs"
      },
      "engines": {
        "node": "^10 || ^12 || ^13.7 || ^14 || >=15.0.1"
      }
    },
    "node_modules/path-parse": {
      "version": "1.0.7",
      "resolved": "https://registry.npmmirror.com/path-parse/-/path-parse-1.0.7.tgz",
      "integrity": "sha512-LDJzPVEEEPR+y48z93A0Ed0yXb8pAByGWo/k5YYdYgpY2/2EsOsksJrq7lOHxryrVOn1ejG6oAp8ahvOIQD8sw==",
      "dev": true,
      "license": "MIT"
    },
    "node_modules/picocolors": {
      "version": "1.0.0",
      "resolved": "https://registry.npmmirror.com/picocolors/-/picocolors-1.0.0.tgz",
      "integrity": "sha512-1fygroTLlHu66zi26VoTDv8yRgm0Fccecssto+MhsZ0D/DGW2sm8E8AjW7NU5VVTRt5GxbeZ5qBuJr+HyLYkjQ==",
      "license": "ISC"
    },
    "node_modules/postcss": {
      "version": "8.4.16",
      "resolved": "https://registry.npmmirror.com/postcss/-/postcss-8.4.16.tgz",
      "integrity": "sha512-ipHE1XBvKzm5xI7hiHCZJCSugxvsdq2mPnsq5+UF+VHCjiBvtDrlxJfMBToWaP9D5XlgNmcFGqoHmUn0EYEaRQ==",
      "funding": [
        {
          "type": "opencollective",
          "url": "https://opencollective.com/postcss/"
        },
        {
          "type": "tidelift",
          "url": "https://tidelift.com/funding/github/npm/postcss"
        }
      ],
      "license": "MIT",
      "dependencies": {
        "nanoid": "^3.3.4",
        "picocolors": "^1.0.0",
        "source-map-js": "^1.0.2"
      },
      "engines": {
        "node": "^10 || ^12 || >=14"
      }
    },
    "node_modules/resolve": {
      "version": "1.22.1",
      "resolved": "https://registry.npmmirror.com/resolve/-/resolve-1.22.1.tgz",
      "integrity": "sha512-nBpuuYuY5jFsli/JIs1oldw6fOQCBioohqWZg/2hiaOybXOft4lonv85uDOKXdf8rhyK159cxU5cDcK/NKk8zw==",
      "dev": true,
      "license": "MIT",
      "dependencies": {
        "is-core-module": "^2.9.0",
        "path-parse": "^1.0.7",
        "supports-preserve-symlinks-flag": "^1.0.0"
      },
      "bin": {
        "resolve": "bin/resolve"
      },
      "funding": {
        "url": "https://github.com/sponsors/ljharb"
      }
    },
    "node_modules/rollup": {
      "version": "2.77.3",
      "resolved": "https://registry.npmmirror.com/rollup/-/rollup-2.77.3.tgz",
      "integrity": "sha512-/qxNTG7FbmefJWoeeYJFbHehJ2HNWnjkAFRKzWN/45eNBBF/r8lo992CwcJXEzyVxs5FmfId+vTSTQDb+bxA+g==",
      "dev": true,
      "license": "MIT",
      "bin": {
        "rollup": "dist/bin/rollup"
      },
      "engines": {
        "node": ">=10.0.0"
      },
      "optionalDependencies": {
        "fsevents": "~2.3.2"
      }
    },
    "node_modules/source-map": {
      "version": "0.6.1",
      "resolved": "https://registry.npmmirror.com/source-map/-/source-map-0.6.1.tgz",
      "integrity": "sha512-UjgapumWlbMhkBgzT7Ykc5YXUT46F0iKu8SGXq0bcwP5dz/h0Plj6enJqjz1Zbq2l5WaqYnrVbwWOWMyF3F47g==",
      "license": "BSD-3-Clause",
      "engines": {
        "node": ">=0.10.0"
      }
    },
    "node_modules/source-map-js": {
      "version": "1.0.2",
      "resolved": "https://registry.npmmirror.com/source-map-js/-/source-map-js-1.0.2.tgz",
      "integrity": "sha512-R0XvVJ9WusLiqTCEiGCmICCMplcCkIwwR11mOSD9CR5u+IXYdiseeEuXCVAjS54zqwkLcPNnmU4OeJ6tUrWhDw==",
      "license": "BSD-3-Clause",
      "engines": {
        "node": ">=0.10.0"
      }
    },
    "node_modules/sourcemap-codec": {
      "version": "1.4.8",
      "resolved": "https://registry.npmmirror.com/sourcemap-codec/-/sourcemap-codec-1.4.8.tgz",
      "integrity": "sha512-9NykojV5Uih4lgo5So5dtw+f0JgJX30KCNI8gwhz2J9A15wD0Ml6tjHKwf6fTSa6fAdVBdZeNOs9eJ71qCk8vA==",
      "license": "MIT"
    },
    "node_modules/supports-preserve-symlinks-flag": {
      "version": "1.0.0",
      "resolved": "https://registry.npmmirror.com/supports-preserve-symlinks-flag/-/supports-preserve-symlinks-flag-1.0.0.tgz",
      "integrity": "sha512-ot0WnXS9fgdkgIcePe6RHNk1WA8+muPa6cSjeR3V8K27q9BB1rTE3R1p7Hv0z1ZyAc8s6Vvv8DIyWf681MAt0w==",
      "dev": true,
      "license": "MIT",
      "engines": {
        "node": ">= 0.4"
      },
      "funding": {
        "url": "https://github.com/sponsors/ljharb"
      }
    },
    "node_modules/tslib": {
      "version": "2.4.0",
      "resolved": "https://registry.npmjs.org/tslib/-/tslib-2.4.0.tgz",
      "integrity": "sha512-d6xOpEDfsi2CZVlPQzGeux8XMwLT9hssAsaPYExaQMuYskwb+x1x7J371tWlbBdWHroy99KnVB6qIkUbs5X3UQ==",
      "license": "0BSD"
    },
    "node_modules/typescript": {
      "version": "4.7.4",
      "resolved": "https://registry.npmmirror.com/typescript/-/typescript-4.7.4.tgz",
      "integrity": "sha512-C0WQT0gezHuw6AdY1M2jxUO83Rjf0HP7Sk1DtXj6j1EwkQNZrHAg2XPWlq62oqEhYvONq5pkC2Y9oPljWToLmQ==",
      "dev": true,
      "license": "Apache-2.0",
      "bin": {
        "tsc": "bin/tsc",
        "tsserver": "bin/tsserver"
      },
      "engines": {
        "node": ">=4.2.0"
      }
    },
    "node_modules/vite": {
      "version": "3.0.6",
      "resolved": "https://registry.npmmirror.com/vite/-/vite-3.0.6.tgz",
      "integrity": "sha512-pjfsWIzfUlQME/VAmU6SsjdHkTt6WAHysuqPkHDcjzNu6IGtxDSZ/VfRYOwHaCqX4M3Ivz0kxuSfAPM6gAIX+w==",
      "dev": true,
      "license": "MIT",
      "dependencies": {
        "esbuild": "^0.14.47",
        "postcss": "^8.4.16",
        "resolve": "^1.22.1",
        "rollup": ">=2.75.6 <2.77.0 || ~2.77.0"
      },
      "bin": {
        "vite": "bin/vite.js"
      },
      "engines": {
        "node": "^14.18.0 || >=16.0.0"
      },
      "optionalDependencies": {
        "fsevents": "~2.3.2"
      },
      "peerDependencies": {
        "less": "*",
        "sass": "*",
        "stylus": "*",
        "terser": "^5.4.0"
      },
      "peerDependenciesMeta": {
        "less": {
          "optional": true
        },
        "sass": {
          "optional": true
        },
        "stylus": {
          "optional": true
        },
        "terser": {
          "optional": true
        }
      }
    },
    "node_modules/vue": {
      "version": "3.2.37",
      "resolved": "https://registry.npmmirror.com/vue/-/vue-3.2.37.tgz",
      "integrity": "sha512-bOKEZxrm8Eh+fveCqS1/NkG/n6aMidsI6hahas7pa0w/l7jkbssJVsRhVDs07IdDq7h9KHswZOgItnwJAgtVtQ==",
      "license": "MIT",
      "dependencies": {
        "@vue/compiler-dom": "3.2.37",
        "@vue/compiler-sfc": "3.2.37",
        "@vue/runtime-dom": "3.2.37",
        "@vue/server-renderer": "3.2.37",
        "@vue/shared": "3.2.37"
      }
    },
    "node_modules/vue-router": {
      "version": "4.1.5",
      "resolved": "https://registry.npmjs.org/vue-router/-/vue-router-4.1.5.tgz",
      "integrity": "sha512-IsvoF5D2GQ/EGTs/Th4NQms9gd2NSqV+yylxIyp/OYp8xOwxmU8Kj/74E9DTSYAyH5LX7idVUngN3JSj1X4xcQ==",
      "license": "MIT",
      "dependencies": {
        "@vue/devtools-api": "^6.1.4"
      },
      "funding": {
        "url": "https://github.com/sponsors/posva"
      },
      "peerDependencies": {
        "vue": "^3.2.0"
      }
    },
    "node_modules/vue-tsc": {
      "version": "0.38.9",
      "resolved": "https://registry.npmmirror.com/vue-tsc/-/vue-tsc-0.38.9.tgz",
      "integrity": "sha512-Yoy5phgvGqyF98Fb4mYqboR4Q149jrdcGv5kSmufXJUq++RZJ2iMVG0g6zl+v3t4ORVWkQmRpsV4x2szufZ0LQ==",
      "dev": true,
      "license": "MIT",
      "dependencies": {
        "@volar/vue-typescript": "0.38.9"
      },
      "bin": {
        "vue-tsc": "bin/vue-tsc.js"
      },
      "peerDependencies": {
        "typescript": "*"
      }
    }
  },
  "dependencies": {
    "@babel/parser": {
      "version": "7.18.11",
      "resolved": "https://registry.npmmirror.com/@babel/parser/-/parser-7.18.11.tgz",
      "integrity": "sha512-9JKn5vN+hDt0Hdqn1PiJ2guflwP+B6Ga8qbDuoF0PzzVhrzsKIJo8yGqVk6CmMHiMei9w1C1Bp9IMJSIK+HPIQ=="
    },
    "@ionic/core": {
      "version": "6.2.5",
      "resolved": "https://registry.npmjs.org/@ionic/core/-/core-6.2.5.tgz",
      "integrity": "sha512-PLnG182RYydXB71cjkMk2TLxFVKabvEc9wjeK5SsvxI1/QE9+wPfxDnvKWag8UeXgaGUhby1bitWkV5pniDaXA==",
      "requires": {
        "@stencil/core": "^2.17.4",
        "ionicons": "^6.0.3",
        "tslib": "^2.1.0"
      }
    },
    "@ionic/vue": {
      "version": "6.2.5",
      "resolved": "https://registry.npmjs.org/@ionic/vue/-/vue-6.2.5.tgz",
      "integrity": "sha512-8mfUVb6jogmw0NLTIzcrcCQztsTLCk3MEPFOGH6UqeynHUMqP0XT/RBzNTG/dYc1XcKDgO3LFod4sEY4aKuceg==",
      "requires": {
        "@ionic/core": "^6.2.5",
        "ionicons": "^6.0.2"
      }
    },
    "@ionic/vue-router": {
      "version": "6.2.5",
      "resolved": "https://registry.npmjs.org/@ionic/vue-router/-/vue-router-6.2.5.tgz",
      "integrity": "sha512-bitEsfgh7cUslc1ZLEY7BGu05bV4t2L18iSlFNdMDrWN5TCURzh1q1qkLgKw5TRXaJUa/szAXgJrkfMHlNmN3A==",
      "requires": {
        "@ionic/vue": "^6.2.5"
      }
    },
    "@stencil/core": {
      "version": "2.17.4",
      "resolved": "https://registry.npmjs.org/@stencil/core/-/core-2.17.4.tgz",
      "integrity": "sha512-SGRlHpjV1RyFvzw6jFMVKpLNox9Eds3VvpbpD2SW9CuxdLonHDSFtQks5zmT4zs1Rse9I6kFc2mFK/dHNTalkg=="
    },
    "@types/node": {
      "version": "18.7.14",
      "resolved": "https://registry.npmjs.org/@types/node/-/node-18.7.14.tgz",
      "integrity": "sha512-6bbDaETVi8oyIARulOE9qF1/Qdi/23z6emrUh0fNJRUmjznqrixD4MpGDdgOFk5Xb0m2H6Xu42JGdvAxaJR/wA==",
      "dev": true
    },
    "@vitejs/plugin-vue": {
      "version": "3.0.2",
      "resolved": "https://registry.npmmirror.com/@vitejs/plugin-vue/-/plugin-vue-3.0.2.tgz",
      "integrity": "sha512-LAqb+tibmsKmSbxBzsMqWVJe6gDE4BDmFLjIzk4YdHgeiRCTokPbK8yRB3dRxDRwNk4IFwCFVE6+WP+YM0mbJg==",
      "dev": true,
      "requires": {}
    },
    "@volar/code-gen": {
      "version": "0.38.9",
      "resolved": "https://registry.npmmirror.com/@volar/code-gen/-/code-gen-0.38.9.tgz",
      "integrity": "sha512-n6LClucfA+37rQeskvh9vDoZV1VvCVNy++MAPKj2dT4FT+Fbmty/SDQqnsEBtdEe6E3OQctFvA/IcKsx3Mns0A==",
      "dev": true,
      "requires": {
        "@volar/source-map": "0.38.9"
      }
    },
    "@volar/source-map": {
      "version": "0.38.9",
      "resolved": "https://registry.npmmirror.com/@volar/source-map/-/source-map-0.38.9.tgz",
      "integrity": "sha512-ba0UFoHDYry+vwKdgkWJ6xlQT+8TFtZg1zj9tSjj4PykW1JZDuM0xplMotLun4h3YOoYfY9K1huY5gvxmrNLIw==",
      "dev": true
    },
    "@volar/vue-code-gen": {
      "version": "0.38.9",
      "resolved": "https://registry.npmmirror.com/@volar/vue-code-gen/-/vue-code-gen-0.38.9.tgz",
      "integrity": "sha512-tzj7AoarFBKl7e41MR006ncrEmNPHALuk8aG4WdDIaG387X5//5KhWC5Ff3ZfB2InGSeNT+CVUd74M0gS20rjA==",
      "dev": true,
      "requires": {
        "@volar/code-gen": "0.38.9",
        "@volar/source-map": "0.38.9",
        "@vue/compiler-core": "^3.2.37",
        "@vue/compiler-dom": "^3.2.37",
        "@vue/shared": "^3.2.37"
      }
    },
    "@volar/vue-typescript": {
      "version": "0.38.9",
      "resolved": "https://registry.npmmirror.com/@volar/vue-typescript/-/vue-typescript-0.38.9.tgz",
      "integrity": "sha512-iJMQGU91ADi98u8V1vXd2UBmELDAaeSP0ZJaFjwosClQdKlJQYc6MlxxKfXBZisHqfbhdtrGRyaryulnYtliZw==",
      "dev": true,
      "requires": {
        "@volar/code-gen": "0.38.9",
        "@volar/source-map": "0.38.9",
        "@volar/vue-code-gen": "0.38.9",
        "@vue/compiler-sfc": "^3.2.37",
        "@vue/reactivity": "^3.2.37"
      }
    },
    "@vue/compiler-core": {
      "version": "3.2.37",
      "resolved": "https://registry.npmmirror.com/@vue/compiler-core/-/compiler-core-3.2.37.tgz",
      "integrity": "sha512-81KhEjo7YAOh0vQJoSmAD68wLfYqJvoiD4ulyedzF+OEk/bk6/hx3fTNVfuzugIIaTrOx4PGx6pAiBRe5e9Zmg==",
      "requires": {
        "@babel/parser": "^7.16.4",
        "@vue/shared": "3.2.37",
        "estree-walker": "^2.0.2",
        "source-map": "^0.6.1"
      }
    },
    "@vue/compiler-dom": {
      "version": "3.2.37",
      "resolved": "https://registry.npmmirror.com/@vue/compiler-dom/-/compiler-dom-3.2.37.tgz",
      "integrity": "sha512-yxJLH167fucHKxaqXpYk7x8z7mMEnXOw3G2q62FTkmsvNxu4FQSu5+3UMb+L7fjKa26DEzhrmCxAgFLLIzVfqQ==",
      "requires": {
        "@vue/compiler-core": "3.2.37",
        "@vue/shared": "3.2.37"
      }
    },
    "@vue/compiler-sfc": {
      "version": "3.2.37",
      "resolved": "https://registry.npmmirror.com/@vue/compiler-sfc/-/compiler-sfc-3.2.37.tgz",
      "integrity": "sha512-+7i/2+9LYlpqDv+KTtWhOZH+pa8/HnX/905MdVmAcI/mPQOBwkHHIzrsEsucyOIZQYMkXUiTkmZq5am/NyXKkg==",
      "requires": {
        "@babel/parser": "^7.16.4",
        "@vue/compiler-core": "3.2.37",
        "@vue/compiler-dom": "3.2.37",
        "@vue/compiler-ssr": "3.2.37",
        "@vue/reactivity-transform": "3.2.37",
        "@vue/shared": "3.2.37",
        "estree-walker": "^2.0.2",
        "magic-string": "^0.25.7",
        "postcss": "^8.1.10",
        "source-map": "^0.6.1"
      }
    },
    "@vue/compiler-ssr": {
      "version": "3.2.37",
      "resolved": "https://registry.npmmirror.com/@vue/compiler-ssr/-/compiler-ssr-3.2.37.tgz",
      "integrity": "sha512-7mQJD7HdXxQjktmsWp/J67lThEIcxLemz1Vb5I6rYJHR5vI+lON3nPGOH3ubmbvYGt8xEUaAr1j7/tIFWiEOqw==",
      "requires": {
        "@vue/compiler-dom": "3.2.37",
        "@vue/shared": "3.2.37"
      }
    },
    "@vue/devtools-api": {
      "version": "6.2.1",
      "resolved": "https://registry.npmjs.org/@vue/devtools-api/-/devtools-api-6.2.1.tgz",
      "integrity": "sha512-OEgAMeQXvCoJ+1x8WyQuVZzFo0wcyCmUR3baRVLmKBo1LmYZWMlRiXlux5jd0fqVJu6PfDbOrZItVqUEzLobeQ=="
    },
    "@vue/reactivity": {
      "version": "3.2.37",
      "resolved": "https://registry.npmmirror.com/@vue/reactivity/-/reactivity-3.2.37.tgz",
      "integrity": "sha512-/7WRafBOshOc6m3F7plwzPeCu/RCVv9uMpOwa/5PiY1Zz+WLVRWiy0MYKwmg19KBdGtFWsmZ4cD+LOdVPcs52A==",
      "requires": {
        "@vue/shared": "3.2.37"
      }
    },
    "@vue/reactivity-transform": {
      "version": "3.2.37",
      "resolved": "https://registry.npmmirror.com/@vue/reactivity-transform/-/reactivity-transform-3.2.37.tgz",
      "integrity": "sha512-IWopkKEb+8qpu/1eMKVeXrK0NLw9HicGviJzhJDEyfxTR9e1WtpnnbYkJWurX6WwoFP0sz10xQg8yL8lgskAZg==",
      "requires": {
        "@babel/parser": "^7.16.4",
        "@vue/compiler-core": "3.2.37",
        "@vue/shared": "3.2.37",
        "estree-walker": "^2.0.2",
        "magic-string": "^0.25.7"
      }
    },
    "@vue/runtime-core": {
      "version": "3.2.37",
      "resolved": "https://registry.npmmirror.com/@vue/runtime-core/-/runtime-core-3.2.37.tgz",
      "integrity": "sha512-JPcd9kFyEdXLl/i0ClS7lwgcs0QpUAWj+SKX2ZC3ANKi1U4DOtiEr6cRqFXsPwY5u1L9fAjkinIdB8Rz3FoYNQ==",
      "requires": {
        "@vue/reactivity": "3.2.37",
        "@vue/shared": "3.2.37"
      }
    },
    "@vue/runtime-dom": {
      "version": "3.2.37",
      "resolved": "https://registry.npmmirror.com/@vue/runtime-dom/-/runtime-dom-3.2.37.tgz",
      "integrity": "sha512-HimKdh9BepShW6YozwRKAYjYQWg9mQn63RGEiSswMbW+ssIht1MILYlVGkAGGQbkhSh31PCdoUcfiu4apXJoPw==",
      "requires": {
        "@vue/runtime-core": "3.2.37",
        "@vue/shared": "3.2.37",
        "csstype": "^2.6.8"
      }
    },
    "@vue/server-renderer": {
      "version": "3.2.37",
      "resolved": "https://registry.npmmirror.com/@vue/server-renderer/-/server-renderer-3.2.37.tgz",
      "integrity": "sha512-kLITEJvaYgZQ2h47hIzPh2K3jG8c1zCVbp/o/bzQOyvzaKiCquKS7AaioPI28GNxIsE/zSx+EwWYsNxDCX95MA==",
      "requires": {
        "@vue/compiler-ssr": "3.2.37",
        "@vue/shared": "3.2.37"
      }
    },
    "@vue/shared": {
      "version": "3.2.37",
      "resolved": "https://registry.npmmirror.com/@vue/shared/-/shared-3.2.37.tgz",
      "integrity": "sha512-4rSJemR2NQIo9Klm1vabqWjD8rs/ZaJSzMxkMNeJS6lHiUjjUeYFbooN19NgFjztubEKh3WlZUeOLVdbbUWHsw=="
    },
    "csstype": {
      "version": "2.6.20",
      "resolved": "https://registry.npmmirror.com/csstype/-/csstype-2.6.20.tgz",
      "integrity": "sha512-/WwNkdXfckNgw6S5R125rrW8ez139lBHWouiBvX8dfMFtcn6V81REDqnH7+CRpRipfYlyU1CmOnOxrmGcFOjeA=="
    },
    "esbuild": {
      "version": "0.14.54",
      "resolved": "https://registry.npmmirror.com/esbuild/-/esbuild-0.14.54.tgz",
      "integrity": "sha512-Cy9llcy8DvET5uznocPyqL3BFRrFXSVqbgpMJ9Wz8oVjZlh/zUSNbPRbov0VX7VxN2JH1Oa0uNxZ7eLRb62pJA==",
      "dev": true,
      "requires": {
        "@esbuild/linux-loong64": "0.14.54",
        "esbuild-android-64": "0.14.54",
        "esbuild-android-arm64": "0.14.54",
        "esbuild-darwin-64": "0.14.54",
        "esbuild-darwin-arm64": "0.14.54",
        "esbuild-freebsd-64": "0.14.54",
        "esbuild-freebsd-arm64": "0.14.54",
        "esbuild-linux-32": "0.14.54",
        "esbuild-linux-64": "0.14.54",
        "esbuild-linux-arm": "0.14.54",
        "esbuild-linux-arm64": "0.14.54",
        "esbuild-linux-mips64le": "0.14.54",
        "esbuild-linux-ppc64le": "0.14.54",
        "esbuild-linux-riscv64": "0.14.54",
        "esbuild-linux-s390x": "0.14.54",
        "esbuild-netbsd-64": "0.14.54",
        "esbuild-openbsd-64": "0.14.54",
        "esbuild-sunos-64": "0.14.54",
        "esbuild-windows-32": "0.14.54",
        "esbuild-windows-64": "0.14.54",
        "esbuild-windows-arm64": "0.14.54"
      }
    },
    "esbuild-darwin-64": {
      "version": "0.14.54",
      "resolved": "https://registry.npmmirror.com/esbuild-darwin-64/-/esbuild-darwin-64-0.14.54.tgz",
      "integrity": "sha512-jtdKWV3nBviOd5v4hOpkVmpxsBy90CGzebpbO9beiqUYVMBtSc0AL9zGftFuBon7PNDcdvNCEuQqw2x0wP9yug==",
      "dev": true,
      "optional": true
    },
    "estree-walker": {
      "version": "2.0.2",
      "resolved": "https://registry.npmmirror.com/estree-walker/-/estree-walker-2.0.2.tgz",
      "integrity": "sha512-Rfkk/Mp/DL7JVje3u18FxFujQlTNR2q6QfMSMB7AvCBx91NGj/ba3kCfza0f6dVDbw7YlRf/nDrn7pQrCCyQ/w=="
    },
    "fsevents": {
      "version": "2.3.2",
      "resolved": "https://registry.npmmirror.com/fsevents/-/fsevents-2.3.2.tgz",
      "integrity": "sha512-xiqMQR4xAeHTuB9uWm+fFRcIOgKBMiOBP+eXiyT7jsgVCq1bkVygt00oASowB7EdtpOHaaPgKt812P9ab+DDKA==",
      "dev": true,
      "optional": true
    },
    "function-bind": {
      "version": "1.1.1",
      "resolved": "https://registry.npmmirror.com/function-bind/-/function-bind-1.1.1.tgz",
      "integrity": "sha512-yIovAzMX49sF8Yl58fSCWJ5svSLuaibPxXQJFLmBObTuCr0Mf1KiPopGM9NiFjiYBCbfaa2Fh6breQ6ANVTI0A==",
      "dev": true
    },
    "has": {
      "version": "1.0.3",
      "resolved": "https://registry.npmmirror.com/has/-/has-1.0.3.tgz",
      "integrity": "sha512-f2dvO0VU6Oej7RkWJGrehjbzMAjFp5/VKPp5tTpWIV4JHHZK1/BxbFRtf/siA2SWTe09caDmVtYYzWEIbBS4zw==",
      "dev": true,
      "requires": {
        "function-bind": "^1.1.1"
      }
    },
    "ionicons": {
      "version": "6.0.3",
      "resolved": "https://registry.npmjs.org/ionicons/-/ionicons-6.0.3.tgz",
      "integrity": "sha512-kVOWER991EMqLiVShrCSWKMHkgHZP7XfVdyN6YPMuoO33W7pc5CPNVNfR8OMe/I8rYEbaunyBs6dXNYpR6gGZw==",
      "requires": {
        "@stencil/core": "~2.16.0"
      },
      "dependencies": {
        "@stencil/core": {
          "version": "2.16.1",
          "resolved": "https://registry.npmjs.org/@stencil/core/-/core-2.16.1.tgz",
          "integrity": "sha512-s/UJp9qxExL3DyQPT70kiuWeb3AdjbUZM+5lEIXn30I2DLcLYPOPXfsoWJODieQywq+3vPiLZeIdkoqjf6jcSw=="
        }
      }
    },
    "is-core-module": {
      "version": "2.10.0",
      "resolved": "https://registry.npmmirror.com/is-core-module/-/is-core-module-2.10.0.tgz",
      "integrity": "sha512-Erxj2n/LDAZ7H8WNJXd9tw38GYM3dv8rk8Zcs+jJuxYTW7sozH+SS8NtrSjVL1/vpLvWi1hxy96IzjJ3EHTJJg==",
      "dev": true,
      "requires": {
        "has": "^1.0.3"
      }
    },
    "magic-string": {
      "version": "0.25.9",
      "resolved": "https://registry.npmmirror.com/magic-string/-/magic-string-0.25.9.tgz",
      "integrity": "sha512-RmF0AsMzgt25qzqqLc1+MbHmhdx0ojF2Fvs4XnOqz2ZOBXzzkEwc/dJQZCYHAn7v1jbVOjAZfK8msRn4BxO4VQ==",
      "requires": {
        "sourcemap-codec": "^1.4.8"
      }
    },
    "nanoid": {
      "version": "3.3.4",
      "resolved": "https://registry.npmmirror.com/nanoid/-/nanoid-3.3.4.tgz",
      "integrity": "sha512-MqBkQh/OHTS2egovRtLk45wEyNXwF+cokD+1YPf9u5VfJiRdAiRwB2froX5Co9Rh20xs4siNPm8naNotSD6RBw=="
    },
    "path-parse": {
      "version": "1.0.7",
      "resolved": "https://registry.npmmirror.com/path-parse/-/path-parse-1.0.7.tgz",
      "integrity": "sha512-LDJzPVEEEPR+y48z93A0Ed0yXb8pAByGWo/k5YYdYgpY2/2EsOsksJrq7lOHxryrVOn1ejG6oAp8ahvOIQD8sw==",
      "dev": true
    },
    "picocolors": {
      "version": "1.0.0",
      "resolved": "https://registry.npmmirror.com/picocolors/-/picocolors-1.0.0.tgz",
      "integrity": "sha512-1fygroTLlHu66zi26VoTDv8yRgm0Fccecssto+MhsZ0D/DGW2sm8E8AjW7NU5VVTRt5GxbeZ5qBuJr+HyLYkjQ=="
    },
    "postcss": {
      "version": "8.4.16",
      "resolved": "https://registry.npmmirror.com/postcss/-/postcss-8.4.16.tgz",
      "integrity": "sha512-ipHE1XBvKzm5xI7hiHCZJCSugxvsdq2mPnsq5+UF+VHCjiBvtDrlxJfMBToWaP9D5XlgNmcFGqoHmUn0EYEaRQ==",
      "requires": {
        "nanoid": "^3.3.4",
        "picocolors": "^1.0.0",
        "source-map-js": "^1.0.2"
      }
    },
    "resolve": {
      "version": "1.22.1",
      "resolved": "https://registry.npmmirror.com/resolve/-/resolve-1.22.1.tgz",
      "integrity": "sha512-nBpuuYuY5jFsli/JIs1oldw6fOQCBioohqWZg/2hiaOybXOft4lonv85uDOKXdf8rhyK159cxU5cDcK/NKk8zw==",
      "dev": true,
      "requires": {
        "is-core-module": "^2.9.0",
        "path-parse": "^1.0.7",
        "supports-preserve-symlinks-flag": "^1.0.0"
      }
    },
    "rollup": {
      "version": "2.77.3",
      "resolved": "https://registry.npmmirror.com/rollup/-/rollup-2.77.3.tgz",
      "integrity": "sha512-/qxNTG7FbmefJWoeeYJFbHehJ2HNWnjkAFRKzWN/45eNBBF/r8lo992CwcJXEzyVxs5FmfId+vTSTQDb+bxA+g==",
      "dev": true,
      "requires": {
        "fsevents": "~2.3.2"
      }
    },
    "source-map": {
      "version": "0.6.1",
      "resolved": "https://registry.npmmirror.com/source-map/-/source-map-0.6.1.tgz",
      "integrity": "sha512-UjgapumWlbMhkBgzT7Ykc5YXUT46F0iKu8SGXq0bcwP5dz/h0Plj6enJqjz1Zbq2l5WaqYnrVbwWOWMyF3F47g=="
    },
    "source-map-js": {
      "version": "1.0.2",
      "resolved": "https://registry.npmmirror.com/source-map-js/-/source-map-js-1.0.2.tgz",
      "integrity": "sha512-R0XvVJ9WusLiqTCEiGCmICCMplcCkIwwR11mOSD9CR5u+IXYdiseeEuXCVAjS54zqwkLcPNnmU4OeJ6tUrWhDw=="
    },
    "sourcemap-codec": {
      "version": "1.4.8",
      "resolved": "https://registry.npmmirror.com/sourcemap-codec/-/sourcemap-codec-1.4.8.tgz",
      "integrity": "sha512-9NykojV5Uih4lgo5So5dtw+f0JgJX30KCNI8gwhz2J9A15wD0Ml6tjHKwf6fTSa6fAdVBdZeNOs9eJ71qCk8vA=="
    },
    "supports-preserve-symlinks-flag": {
      "version": "1.0.0",
      "resolved": "https://registry.npmmirror.com/supports-preserve-symlinks-flag/-/supports-preserve-symlinks-flag-1.0.0.tgz",
      "integrity": "sha512-ot0WnXS9fgdkgIcePe6RHNk1WA8+muPa6cSjeR3V8K27q9BB1rTE3R1p7Hv0z1ZyAc8s6Vvv8DIyWf681MAt0w==",
      "dev": true
    },
    "tslib": {
      "version": "2.4.0",
      "resolved": "https://registry.npmjs.org/tslib/-/tslib-2.4.0.tgz",
      "integrity": "sha512-d6xOpEDfsi2CZVlPQzGeux8XMwLT9hssAsaPYExaQMuYskwb+x1x7J371tWlbBdWHroy99KnVB6qIkUbs5X3UQ=="
    },
    "typescript": {
      "version": "4.7.4",
      "resolved": "https://registry.npmmirror.com/typescript/-/typescript-4.7.4.tgz",
      "integrity": "sha512-C0WQT0gezHuw6AdY1M2jxUO83Rjf0HP7Sk1DtXj6j1EwkQNZrHAg2XPWlq62oqEhYvONq5pkC2Y9oPljWToLmQ==",
      "dev": true
    },
    "vite": {
      "version": "3.0.6",
      "resolved": "https://registry.npmmirror.com/vite/-/vite-3.0.6.tgz",
      "integrity": "sha512-pjfsWIzfUlQME/VAmU6SsjdHkTt6WAHysuqPkHDcjzNu6IGtxDSZ/VfRYOwHaCqX4M3Ivz0kxuSfAPM6gAIX+w==",
      "dev": true,
      "requires": {
        "esbuild": "^0.14.47",
        "fsevents": "~2.3.2",
        "postcss": "^8.4.16",
        "resolve": "^1.22.1",
        "rollup": ">=2.75.6 <2.77.0 || ~2.77.0"
      }
    },
    "vue": {
      "version": "3.2.37",
      "resolved": "https://registry.npmmirror.com/vue/-/vue-3.2.37.tgz",
      "integrity": "sha512-bOKEZxrm8Eh+fveCqS1/NkG/n6aMidsI6hahas7pa0w/l7jkbssJVsRhVDs07IdDq7h9KHswZOgItnwJAgtVtQ==",
      "requires": {
        "@vue/compiler-dom": "3.2.37",
        "@vue/compiler-sfc": "3.2.37",
        "@vue/runtime-dom": "3.2.37",
        "@vue/server-renderer": "3.2.37",
        "@vue/shared": "3.2.37"
      }
    },
    "vue-router": {
      "version": "4.1.5",
      "resolved": "https://registry.npmjs.org/vue-router/-/vue-router-4.1.5.tgz",
      "integrity": "sha512-IsvoF5D2GQ/EGTs/Th4NQms9gd2NSqV+yylxIyp/OYp8xOwxmU8Kj/74E9DTSYAyH5LX7idVUngN3JSj1X4xcQ==",
      "requires": {
        "@vue/devtools-api": "^6.1.4"
      }
    },
    "vue-tsc": {
      "version": "0.38.9",
      "resolved": "https://registry.npmmirror.com/vue-tsc/-/vue-tsc-0.38.9.tgz",
      "integrity": "sha512-Yoy5phgvGqyF98Fb4mYqboR4Q149jrdcGv5kSmufXJUq++RZJ2iMVG0g6zl+v3t4ORVWkQmRpsV4x2szufZ0LQ==",
      "dev": true,
      "requires": {
        "@volar/vue-typescript": "0.38.9"
      }
    }
  }
}
