// !$*UTF8*$!
{
	archiveVersion = 1;
	classes = {
	};
	objectVersion = 55;
	objects = {

/* Begin PBXBuildFile section */
		04002FA928976D0F00D03CB0 /* CacheManager.swift in Sources */ = {isa = PBXBuildFile; fileRef = 04002FA828976D0F00D03CB0 /* CacheManager.swift */; };
		04002FAB2897700800D03CB0 /* MemoryManager.swift in Sources */ = {isa = PBXBuildFile; fileRef = 04002FAA2897700800D03CB0 /* MemoryManager.swift */; };
		04002FAD2897701900D03CB0 /* DatabaseManager.swift in Sources */ = {isa = PBXBuildFile; fileRef = 04002FAC2897701900D03CB0 /* DatabaseManager.swift */; };
		0404B0002873CAA6000BABE8 /* method_photo.svg in Resources */ = {isa = PBXBuildFile; fileRef = 0404AFFF2873CAA6000BABE8 /* method_photo.svg */; };
		0404B058287414F5000BABE8 /* XXWebView.swift in Sources */ = {isa = PBXBuildFile; fileRef = 0404B057287414F5000BABE8 /* XXWebView.swift */; };
		0404B05A28742BFF000BABE8 /* HPKWebViewPool.swift in Sources */ = {isa = PBXBuildFile; fileRef = 0404B05928742BFF000BABE8 /* HPKWebViewPool.swift */; };
		0406F5062865B3F9006F4F6F /* Schemehandler.swift in Sources */ = {isa = PBXBuildFile; fileRef = 0406F5052865B3F9006F4F6F /* Schemehandler.swift */; };
		040E4D0228727E0C003569F1 /* WebViewPool.swift in Sources */ = {isa = PBXBuildFile; fileRef = 040E4D0128727E0C003569F1 /* WebViewPool.swift */; };
		040E4D0C2872D9CF003569F1 /* coil_logo_colored.svg in Resources */ = {isa = PBXBuildFile; fileRef = 040E4D092872D9CF003569F1 /* coil_logo_colored.svg */; };
		040E4D0D2872D9CF003569F1 /* angle_nft.png in Resources */ = {isa = PBXBuildFile; fileRef = 040E4D0A2872D9CF003569F1 /* angle_nft.png */; };
		040E4D0E2872D9CF003569F1 /* ico_bottom_tab_publisher.svg in Resources */ = {isa = PBXBuildFile; fileRef = 040E4D0B2872D9CF003569F1 /* ico_bottom_tab_publisher.svg */; };
		040E4D102872DAEC003569F1 /* UIButton_extension.swift in Sources */ = {isa = PBXBuildFile; fileRef = 040E4D0F2872DAEC003569F1 /* UIButton_extension.swift */; };
		0419F102286051B200EF8DC2 /* WebViewViewController.swift in Sources */ = {isa = PBXBuildFile; fileRef = 0419F101286051B200EF8DC2 /* WebViewViewController.swift */; };
		0419F106286051F500EF8DC2 /* UIView_extension.swift in Sources */ = {isa = PBXBuildFile; fileRef = 0419F104286051F500EF8DC2 /* UIView_extension.swift */; };
		0419F107286051F500EF8DC2 /* UIDevice_extension.swift in Sources */ = {isa = PBXBuildFile; fileRef = 0419F105286051F500EF8DC2 /* UIDevice_extension.swift */; };
		0419F1092860560400EF8DC2 /* CustomNaviViewController.swift in Sources */ = {isa = PBXBuildFile; fileRef = 0419F1082860560400EF8DC2 /* CustomNaviViewController.swift */; };
		0419F10F2861BFED00EF8DC2 /* CaptureViewController.swift in Sources */ = {isa = PBXBuildFile; fileRef = 0419F10E2861BFED00EF8DC2 /* CaptureViewController.swift */; };
		0419F1112861C01500EF8DC2 /* RecordView.swift in Sources */ = {isa = PBXBuildFile; fileRef = 0419F1102861C01500EF8DC2 /* RecordView.swift */; };
		041D100528630B7800AEFE7D /* ButtonModel.swift in Sources */ = {isa = PBXBuildFile; fileRef = 041D100428630B7800AEFE7D /* ButtonModel.swift */; };
		042FCD1C288A2FB50017BA5B /* PhotoManager.swift in Sources */ = {isa = PBXBuildFile; fileRef = 042FCD1B288A2FB50017BA5B /* PhotoManager.swift */; };
		042FCD20288A45D00017BA5B /* ScanPhotoViewController.swift in Sources */ = {isa = PBXBuildFile; fileRef = 042FCD1F288A45D00017BA5B /* ScanPhotoViewController.swift */; };
		043586652865559F004A83BB /* CustomConfirmPopView.swift in Sources */ = {isa = PBXBuildFile; fileRef = 043586642865559F004A83BB /* CustomConfirmPopView.swift */; };
		0435866728655794004A83BB /* CustomPromptPopView.swift in Sources */ = {isa = PBXBuildFile; fileRef = 0435866628655794004A83BB /* CustomPromptPopView.swift */; };
		04376B59286C36730007B444 /* example.html in Resources */ = {isa = PBXBuildFile; fileRef = 04376B57286C36730007B444 /* example.html */; };
		04376B5A286C36730007B444 /* statusbar.html in Resources */ = {isa = PBXBuildFile; fileRef = 04376B58286C36730007B444 /* statusbar.html */; };
		04398601286593520081A9F7 /* CustomAlertPopView.swift in Sources */ = {isa = PBXBuildFile; fileRef = 04398600286593520081A9F7 /* CustomAlertPopView.swift */; };
		0443FCDE28640B70003425CD /* BottomBarModel.swift in Sources */ = {isa = PBXBuildFile; fileRef = 0443FCDD28640B70003425CD /* BottomBarModel.swift */; };
		0443FCE12864422E003425CD /* UIImage+SVG.m in Sources */ = {isa = PBXBuildFile; fileRef = 0443FCDF2864422E003425CD /* UIImage+SVG.m */; };
		0443FCE32864615D003425CD /* CustomBasePopView.swift in Sources */ = {isa = PBXBuildFile; fileRef = 0443FCE22864615D003425CD /* CustomBasePopView.swift */; };
		0443FCE528646A7B003425CD /* AlertConfiguration.swift in Sources */ = {isa = PBXBuildFile; fileRef = 0443FCE428646A7B003425CD /* AlertConfiguration.swift */; };
		0443FCE728646DB3003425CD /* PromptConfiguration.swift in Sources */ = {isa = PBXBuildFile; fileRef = 0443FCE628646DB3003425CD /* PromptConfiguration.swift */; };
		0443FCE928646E6A003425CD /* ConfirmConfiguration.swift in Sources */ = {isa = PBXBuildFile; fileRef = 0443FCE828646E6A003425CD /* ConfirmConfiguration.swift */; };
		044C7DF0288E378F002D682A /* DocumentManager.swift in Sources */ = {isa = PBXBuildFile; fileRef = 044C7DEF288E378F002D682A /* DocumentManager.swift */; };
		04560C872876E78E00638E2A /* CustomTabbarViewController.swift in Sources */ = {isa = PBXBuildFile; fileRef = 04560C862876E78E00638E2A /* CustomTabbarViewController.swift */; };
		045E369D286AF4B500A62263 /* resource_3rd in Resources */ = {isa = PBXBuildFile; fileRef = 045E369C286AF4B500A62263 /* resource_3rd */; };
		04A664672898C43D006A11EB /* DiskManager.swift in Sources */ = {isa = PBXBuildFile; fileRef = 04A664662898C43D006A11EB /* DiskManager.swift */; };
		04B2B7D6287E5B8100172109 /* NotificationManager.swift in Sources */ = {isa = PBXBuildFile; fileRef = 04B2B7D5287E5B8100172109 /* NotificationManager.swift */; };
		04B555E4287594C600314C9F /* ChangeTools.swift in Sources */ = {isa = PBXBuildFile; fileRef = 04B555E3287594C600314C9F /* ChangeTools.swift */; };
		04BA30EC287D122C00F8F703 /* PermissionManager.swift in Sources */ = {isa = PBXBuildFile; fileRef = 04BA30EB287D122C00F8F703 /* PermissionManager.swift */; };
		04BC499A2858758E003FE6D9 /* AppDelegate.swift in Sources */ = {isa = PBXBuildFile; fileRef = 04BC49992858758E003FE6D9 /* AppDelegate.swift */; };
		04BC499E2858758E003FE6D9 /* ViewController.swift in Sources */ = {isa = PBXBuildFile; fileRef = 04BC499D2858758E003FE6D9 /* ViewController.swift */; };
		04BC49A12858758E003FE6D9 /* Main.storyboard in Resources */ = {isa = PBXBuildFile; fileRef = 04BC499F2858758E003FE6D9 /* Main.storyboard */; };
		04BC49A328587590003FE6D9 /* Assets.xcassets in Resources */ = {isa = PBXBuildFile; fileRef = 04BC49A228587590003FE6D9 /* Assets.xcassets */; };
		04BC49A628587590003FE6D9 /* LaunchScreen.storyboard in Resources */ = {isa = PBXBuildFile; fileRef = 04BC49A428587590003FE6D9 /* LaunchScreen.storyboard */; };
		04BC49B128587591003FE6D9 /* Plaoc_iOSTests.swift in Sources */ = {isa = PBXBuildFile; fileRef = 04BC49B028587591003FE6D9 /* Plaoc_iOSTests.swift */; };
		04BC49BB28587591003FE6D9 /* Plaoc_iOSUITests.swift in Sources */ = {isa = PBXBuildFile; fileRef = 04BC49BA28587591003FE6D9 /* Plaoc_iOSUITests.swift */; };
		04BC49BD28587591003FE6D9 /* Plaoc_iOSUITestsLaunchTests.swift in Sources */ = {isa = PBXBuildFile; fileRef = 04BC49BC28587591003FE6D9 /* Plaoc_iOSUITestsLaunchTests.swift */; };
		04BC49CA285875B6003FE6D9 /* CustomWebView.swift in Sources */ = {isa = PBXBuildFile; fileRef = 04BC49C9285875B6003FE6D9 /* CustomWebView.swift */; };
		04BC49CD2858768E003FE6D9 /* LeadScriptHandle.swift in Sources */ = {isa = PBXBuildFile; fileRef = 04BC49CB2858768E003FE6D9 /* LeadScriptHandle.swift */; };
		04BC49CE2858768E003FE6D9 /* LeadReplyHandle.swift in Sources */ = {isa = PBXBuildFile; fileRef = 04BC49CC2858768E003FE6D9 /* LeadReplyHandle.swift */; };
		04C02432287FF3EA008E32C8 /* BluetoothManager.swift in Sources */ = {isa = PBXBuildFile; fileRef = 04C02431287FF3EA008E32C8 /* BluetoothManager.swift */; };
		04C0243528801027008E32C8 /* String_extension.swift in Sources */ = {isa = PBXBuildFile; fileRef = 04C0243428801027008E32C8 /* String_extension.swift */; };
		04C02437288011C4008E32C8 /* Data_extension.swift in Sources */ = {isa = PBXBuildFile; fileRef = 04C02436288011C4008E32C8 /* Data_extension.swift */; };
		04C9414C2877BB2D002FDF31 /* OperateMonitor.swift in Sources */ = {isa = PBXBuildFile; fileRef = 04C9414B2877BB2D002FDF31 /* OperateMonitor.swift */; };
		04D022662860514C0018716E /* StatusView.swift in Sources */ = {isa = PBXBuildFile; fileRef = 04D022632860514C0018716E /* StatusView.swift */; };
		04D022672860514C0018716E /* BottomView.swift in Sources */ = {isa = PBXBuildFile; fileRef = 04D022642860514C0018716E /* BottomView.swift */; };
		04D022682860514C0018716E /* NaviView.swift in Sources */ = {isa = PBXBuildFile; fileRef = 04D022652860514C0018716E /* NaviView.swift */; };
		04DCE25328869859001BE6B1 /* SecondViewController.swift in Sources */ = {isa = PBXBuildFile; fileRef = 04DCE25228869859001BE6B1 /* SecondViewController.swift */; };
		04DCE25528869A5E001BE6B1 /* ThirdViewController.swift in Sources */ = {isa = PBXBuildFile; fileRef = 04DCE25428869A5E001BE6B1 /* ThirdViewController.swift */; };
		04E6D8602884F269006ECB69 /* LocationManager.swift in Sources */ = {isa = PBXBuildFile; fileRef = 04E6D85F2884F269006ECB69 /* LocationManager.swift */; };
		11D0AFEBD7D391AB6EB76F76 /* Pods_Plaoc_iOSTests.framework in Frameworks */ = {isa = PBXBuildFile; fileRef = F406C3D95E45CC0D87A9E05A /* Pods_Plaoc_iOSTests.framework */; };
		916114F6F07B73B1656582A6 /* Pods_Plaoc_iOS.framework in Frameworks */ = {isa = PBXBuildFile; fileRef = AD041E040D0D8A928C80D363 /* Pods_Plaoc_iOS.framework */; };
		C07EB6E924312BC190082CB9 /* Pods_Plaoc_iOS_Plaoc_iOSUITests.framework in Frameworks */ = {isa = PBXBuildFile; fileRef = B7CEF629DD9186D033A817F3 /* Pods_Plaoc_iOS_Plaoc_iOSUITests.framework */; };
/* End PBXBuildFile section */

/* Begin PBXContainerItemProxy section */
		04BC49AD28587591003FE6D9 /* PBXContainerItemProxy */ = {
			isa = PBXContainerItemProxy;
			containerPortal = 04BC498E2858758E003FE6D9 /* Project object */;
			proxyType = 1;
			remoteGlobalIDString = 04BC49952858758E003FE6D9;
			remoteInfo = "Plaoc-iOS";
		};
		04BC49B728587591003FE6D9 /* PBXContainerItemProxy */ = {
			isa = PBXContainerItemProxy;
			containerPortal = 04BC498E2858758E003FE6D9 /* Project object */;
			proxyType = 1;
			remoteGlobalIDString = 04BC49952858758E003FE6D9;
			remoteInfo = "Plaoc-iOS";
		};
/* End PBXContainerItemProxy section */

/* Begin PBXFileReference section */
		04002FA828976D0F00D03CB0 /* CacheManager.swift */ = {isa = PBXFileReference; lastKnownFileType = sourcecode.swift; path = CacheManager.swift; sourceTree = "<group>"; };
		04002FAA2897700800D03CB0 /* MemoryManager.swift */ = {isa = PBXFileReference; lastKnownFileType = sourcecode.swift; path = MemoryManager.swift; sourceTree = "<group>"; };
		04002FAC2897701900D03CB0 /* DatabaseManager.swift */ = {isa = PBXFileReference; lastKnownFileType = sourcecode.swift; path = DatabaseManager.swift; sourceTree = "<group>"; };
		0404AFFF2873CAA6000BABE8 /* method_photo.svg */ = {isa = PBXFileReference; fileEncoding = 4; lastKnownFileType = text; path = method_photo.svg; sourceTree = "<group>"; };
		0404B057287414F5000BABE8 /* XXWebView.swift */ = {isa = PBXFileReference; lastKnownFileType = sourcecode.swift; path = XXWebView.swift; sourceTree = "<group>"; };
		0404B05928742BFF000BABE8 /* HPKWebViewPool.swift */ = {isa = PBXFileReference; lastKnownFileType = sourcecode.swift; path = HPKWebViewPool.swift; sourceTree = "<group>"; };
		0406F5052865B3F9006F4F6F /* Schemehandler.swift */ = {isa = PBXFileReference; fileEncoding = 4; lastKnownFileType = sourcecode.swift; path = Schemehandler.swift; sourceTree = "<group>"; };
		040E4D0128727E0C003569F1 /* WebViewPool.swift */ = {isa = PBXFileReference; lastKnownFileType = sourcecode.swift; path = WebViewPool.swift; sourceTree = "<group>"; };
		040E4D092872D9CF003569F1 /* coil_logo_colored.svg */ = {isa = PBXFileReference; fileEncoding = 4; lastKnownFileType = text.xml; path = coil_logo_colored.svg; sourceTree = "<group>"; };
		040E4D0A2872D9CF003569F1 /* angle_nft.png */ = {isa = PBXFileReference; lastKnownFileType = image.png; path = angle_nft.png; sourceTree = "<group>"; };
		040E4D0B2872D9CF003569F1 /* ico_bottom_tab_publisher.svg */ = {isa = PBXFileReference; fileEncoding = 4; lastKnownFileType = text.xml; path = ico_bottom_tab_publisher.svg; sourceTree = "<group>"; };
		040E4D0F2872DAEC003569F1 /* UIButton_extension.swift */ = {isa = PBXFileReference; lastKnownFileType = sourcecode.swift; path = UIButton_extension.swift; sourceTree = "<group>"; };
		0419F101286051B200EF8DC2 /* WebViewViewController.swift */ = {isa = PBXFileReference; lastKnownFileType = sourcecode.swift; path = WebViewViewController.swift; sourceTree = "<group>"; };
		0419F104286051F500EF8DC2 /* UIView_extension.swift */ = {isa = PBXFileReference; fileEncoding = 4; lastKnownFileType = sourcecode.swift; path = UIView_extension.swift; sourceTree = "<group>"; };
		0419F105286051F500EF8DC2 /* UIDevice_extension.swift */ = {isa = PBXFileReference; fileEncoding = 4; lastKnownFileType = sourcecode.swift; path = UIDevice_extension.swift; sourceTree = "<group>"; };
		0419F1082860560400EF8DC2 /* CustomNaviViewController.swift */ = {isa = PBXFileReference; fileEncoding = 4; lastKnownFileType = sourcecode.swift; path = CustomNaviViewController.swift; sourceTree = "<group>"; };
		0419F10E2861BFED00EF8DC2 /* CaptureViewController.swift */ = {isa = PBXFileReference; fileEncoding = 4; lastKnownFileType = sourcecode.swift; path = CaptureViewController.swift; sourceTree = "<group>"; };
		0419F1102861C01500EF8DC2 /* RecordView.swift */ = {isa = PBXFileReference; fileEncoding = 4; lastKnownFileType = sourcecode.swift; path = RecordView.swift; sourceTree = "<group>"; };
		041D0FFC2862AEE500AEFE7D /* Plaoc-iOS-Bridging-Header.h */ = {isa = PBXFileReference; lastKnownFileType = sourcecode.c.h; path = "Plaoc-iOS-Bridging-Header.h"; sourceTree = "<group>"; };
		041D100428630B7800AEFE7D /* ButtonModel.swift */ = {isa = PBXFileReference; lastKnownFileType = sourcecode.swift; path = ButtonModel.swift; sourceTree = "<group>"; };
		042FCD1B288A2FB50017BA5B /* PhotoManager.swift */ = {isa = PBXFileReference; lastKnownFileType = sourcecode.swift; path = PhotoManager.swift; sourceTree = "<group>"; };
		042FCD1F288A45D00017BA5B /* ScanPhotoViewController.swift */ = {isa = PBXFileReference; lastKnownFileType = sourcecode.swift; path = ScanPhotoViewController.swift; sourceTree = "<group>"; };
		043586642865559F004A83BB /* CustomConfirmPopView.swift */ = {isa = PBXFileReference; lastKnownFileType = sourcecode.swift; path = CustomConfirmPopView.swift; sourceTree = "<group>"; };
		0435866628655794004A83BB /* CustomPromptPopView.swift */ = {isa = PBXFileReference; lastKnownFileType = sourcecode.swift; path = CustomPromptPopView.swift; sourceTree = "<group>"; };
		04376B57286C36730007B444 /* example.html */ = {isa = PBXFileReference; fileEncoding = 4; lastKnownFileType = text.html; path = example.html; sourceTree = "<group>"; };
		04376B58286C36730007B444 /* statusbar.html */ = {isa = PBXFileReference; fileEncoding = 4; lastKnownFileType = text.html; path = statusbar.html; sourceTree = "<group>"; };
		04398600286593520081A9F7 /* CustomAlertPopView.swift */ = {isa = PBXFileReference; lastKnownFileType = sourcecode.swift; path = CustomAlertPopView.swift; sourceTree = "<group>"; };
		0443FCDD28640B70003425CD /* BottomBarModel.swift */ = {isa = PBXFileReference; lastKnownFileType = sourcecode.swift; path = BottomBarModel.swift; sourceTree = "<group>"; };
		0443FCDF2864422E003425CD /* UIImage+SVG.m */ = {isa = PBXFileReference; fileEncoding = 4; lastKnownFileType = sourcecode.c.objc; path = "UIImage+SVG.m"; sourceTree = "<group>"; };
		0443FCE02864422E003425CD /* UIImage+SVG.h */ = {isa = PBXFileReference; fileEncoding = 4; lastKnownFileType = sourcecode.c.h; path = "UIImage+SVG.h"; sourceTree = "<group>"; };
		0443FCE22864615D003425CD /* CustomBasePopView.swift */ = {isa = PBXFileReference; fileEncoding = 4; lastKnownFileType = sourcecode.swift; path = CustomBasePopView.swift; sourceTree = "<group>"; };
		0443FCE428646A7B003425CD /* AlertConfiguration.swift */ = {isa = PBXFileReference; lastKnownFileType = sourcecode.swift; path = AlertConfiguration.swift; sourceTree = "<group>"; };
		0443FCE628646DB3003425CD /* PromptConfiguration.swift */ = {isa = PBXFileReference; lastKnownFileType = sourcecode.swift; path = PromptConfiguration.swift; sourceTree = "<group>"; };
		0443FCE828646E6A003425CD /* ConfirmConfiguration.swift */ = {isa = PBXFileReference; lastKnownFileType = sourcecode.swift; path = ConfirmConfiguration.swift; sourceTree = "<group>"; };
		044C7DEF288E378F002D682A /* DocumentManager.swift */ = {isa = PBXFileReference; fileEncoding = 4; lastKnownFileType = sourcecode.swift; path = DocumentManager.swift; sourceTree = "<group>"; };
		04560C862876E78E00638E2A /* CustomTabbarViewController.swift */ = {isa = PBXFileReference; lastKnownFileType = sourcecode.swift; path = CustomTabbarViewController.swift; sourceTree = "<group>"; };
		045E369C286AF4B500A62263 /* resource_3rd */ = {isa = PBXFileReference; lastKnownFileType = folder; path = resource_3rd; sourceTree = "<group>"; };
		04A664662898C43D006A11EB /* DiskManager.swift */ = {isa = PBXFileReference; lastKnownFileType = sourcecode.swift; path = DiskManager.swift; sourceTree = "<group>"; };
		04B2B7D5287E5B8100172109 /* NotificationManager.swift */ = {isa = PBXFileReference; lastKnownFileType = sourcecode.swift; path = NotificationManager.swift; sourceTree = "<group>"; };
		04B555E3287594C600314C9F /* ChangeTools.swift */ = {isa = PBXFileReference; lastKnownFileType = sourcecode.swift; path = ChangeTools.swift; sourceTree = "<group>"; };
		04BA30EB287D122C00F8F703 /* PermissionManager.swift */ = {isa = PBXFileReference; lastKnownFileType = sourcecode.swift; path = PermissionManager.swift; sourceTree = "<group>"; };
		04BC49962858758E003FE6D9 /* Plaoc-iOS.app */ = {isa = PBXFileReference; explicitFileType = wrapper.application; includeInIndex = 0; path = "Plaoc-iOS.app"; sourceTree = BUILT_PRODUCTS_DIR; };
		04BC49992858758E003FE6D9 /* AppDelegate.swift */ = {isa = PBXFileReference; lastKnownFileType = sourcecode.swift; path = AppDelegate.swift; sourceTree = "<group>"; };
		04BC499D2858758E003FE6D9 /* ViewController.swift */ = {isa = PBXFileReference; lastKnownFileType = sourcecode.swift; path = ViewController.swift; sourceTree = "<group>"; };
		04BC49A02858758E003FE6D9 /* Base */ = {isa = PBXFileReference; lastKnownFileType = file.storyboard; name = Base; path = Base.lproj/Main.storyboard; sourceTree = "<group>"; };
		04BC49A228587590003FE6D9 /* Assets.xcassets */ = {isa = PBXFileReference; lastKnownFileType = folder.assetcatalog; path = Assets.xcassets; sourceTree = "<group>"; };
		04BC49A528587590003FE6D9 /* Base */ = {isa = PBXFileReference; lastKnownFileType = file.storyboard; name = Base; path = Base.lproj/LaunchScreen.storyboard; sourceTree = "<group>"; };
		04BC49A728587590003FE6D9 /* Info.plist */ = {isa = PBXFileReference; lastKnownFileType = text.plist.xml; path = Info.plist; sourceTree = "<group>"; };
		04BC49AC28587591003FE6D9 /* Plaoc-iOSTests.xctest */ = {isa = PBXFileReference; explicitFileType = wrapper.cfbundle; includeInIndex = 0; path = "Plaoc-iOSTests.xctest"; sourceTree = BUILT_PRODUCTS_DIR; };
		04BC49B028587591003FE6D9 /* Plaoc_iOSTests.swift */ = {isa = PBXFileReference; lastKnownFileType = sourcecode.swift; path = Plaoc_iOSTests.swift; sourceTree = "<group>"; };
		04BC49B628587591003FE6D9 /* Plaoc-iOSUITests.xctest */ = {isa = PBXFileReference; explicitFileType = wrapper.cfbundle; includeInIndex = 0; path = "Plaoc-iOSUITests.xctest"; sourceTree = BUILT_PRODUCTS_DIR; };
		04BC49BA28587591003FE6D9 /* Plaoc_iOSUITests.swift */ = {isa = PBXFileReference; lastKnownFileType = sourcecode.swift; path = Plaoc_iOSUITests.swift; sourceTree = "<group>"; };
		04BC49BC28587591003FE6D9 /* Plaoc_iOSUITestsLaunchTests.swift */ = {isa = PBXFileReference; lastKnownFileType = sourcecode.swift; path = Plaoc_iOSUITestsLaunchTests.swift; sourceTree = "<group>"; };
		04BC49C9285875B6003FE6D9 /* CustomWebView.swift */ = {isa = PBXFileReference; fileEncoding = 4; lastKnownFileType = sourcecode.swift; path = CustomWebView.swift; sourceTree = "<group>"; };
		04BC49CB2858768E003FE6D9 /* LeadScriptHandle.swift */ = {isa = PBXFileReference; fileEncoding = 4; lastKnownFileType = sourcecode.swift; path = LeadScriptHandle.swift; sourceTree = "<group>"; };
		04BC49CC2858768E003FE6D9 /* LeadReplyHandle.swift */ = {isa = PBXFileReference; fileEncoding = 4; lastKnownFileType = sourcecode.swift; path = LeadReplyHandle.swift; sourceTree = "<group>"; };
		04C02431287FF3EA008E32C8 /* BluetoothManager.swift */ = {isa = PBXFileReference; lastKnownFileType = sourcecode.swift; path = BluetoothManager.swift; sourceTree = "<group>"; };
		04C0243428801027008E32C8 /* String_extension.swift */ = {isa = PBXFileReference; lastKnownFileType = sourcecode.swift; path = String_extension.swift; sourceTree = "<group>"; };
		04C02436288011C4008E32C8 /* Data_extension.swift */ = {isa = PBXFileReference; lastKnownFileType = sourcecode.swift; path = Data_extension.swift; sourceTree = "<group>"; };
		04C9414B2877BB2D002FDF31 /* OperateMonitor.swift */ = {isa = PBXFileReference; lastKnownFileType = sourcecode.swift; path = OperateMonitor.swift; sourceTree = "<group>"; };
		04D022632860514C0018716E /* StatusView.swift */ = {isa = PBXFileReference; fileEncoding = 4; lastKnownFileType = sourcecode.swift; path = StatusView.swift; sourceTree = "<group>"; };
		04D022642860514C0018716E /* BottomView.swift */ = {isa = PBXFileReference; fileEncoding = 4; lastKnownFileType = sourcecode.swift; path = BottomView.swift; sourceTree = "<group>"; };
		04D022652860514C0018716E /* NaviView.swift */ = {isa = PBXFileReference; fileEncoding = 4; lastKnownFileType = sourcecode.swift; path = NaviView.swift; sourceTree = "<group>"; };
		04DCE25228869859001BE6B1 /* SecondViewController.swift */ = {isa = PBXFileReference; lastKnownFileType = sourcecode.swift; path = SecondViewController.swift; sourceTree = "<group>"; };
		04DCE25428869A5E001BE6B1 /* ThirdViewController.swift */ = {isa = PBXFileReference; lastKnownFileType = sourcecode.swift; path = ThirdViewController.swift; sourceTree = "<group>"; };
		04E6D85F2884F269006ECB69 /* LocationManager.swift */ = {isa = PBXFileReference; lastKnownFileType = sourcecode.swift; path = LocationManager.swift; sourceTree = "<group>"; };
		0C33E220005C4F02F76A22CA /* Pods-Plaoc-iOSTests.release.xcconfig */ = {isa = PBXFileReference; includeInIndex = 1; lastKnownFileType = text.xcconfig; name = "Pods-Plaoc-iOSTests.release.xcconfig"; path = "Target Support Files/Pods-Plaoc-iOSTests/Pods-Plaoc-iOSTests.release.xcconfig"; sourceTree = "<group>"; };
		313AB853F7F2C1801E784DEE /* Pods-Plaoc-iOS-Plaoc-iOSUITests.debug.xcconfig */ = {isa = PBXFileReference; includeInIndex = 1; lastKnownFileType = text.xcconfig; name = "Pods-Plaoc-iOS-Plaoc-iOSUITests.debug.xcconfig"; path = "Target Support Files/Pods-Plaoc-iOS-Plaoc-iOSUITests/Pods-Plaoc-iOS-Plaoc-iOSUITests.debug.xcconfig"; sourceTree = "<group>"; };
		705FA159B7FAAE859B2A8489 /* Pods-Plaoc-iOS-Plaoc-iOSUITests.release.xcconfig */ = {isa = PBXFileReference; includeInIndex = 1; lastKnownFileType = text.xcconfig; name = "Pods-Plaoc-iOS-Plaoc-iOSUITests.release.xcconfig"; path = "Target Support Files/Pods-Plaoc-iOS-Plaoc-iOSUITests/Pods-Plaoc-iOS-Plaoc-iOSUITests.release.xcconfig"; sourceTree = "<group>"; };
		7A09A54F69403DF467450CCB /* Pods-Plaoc-iOSTests.debug.xcconfig */ = {isa = PBXFileReference; includeInIndex = 1; lastKnownFileType = text.xcconfig; name = "Pods-Plaoc-iOSTests.debug.xcconfig"; path = "Target Support Files/Pods-Plaoc-iOSTests/Pods-Plaoc-iOSTests.debug.xcconfig"; sourceTree = "<group>"; };
		9253F37A7FD3392156DBBAFD /* Pods-Plaoc-iOS.release.xcconfig */ = {isa = PBXFileReference; includeInIndex = 1; lastKnownFileType = text.xcconfig; name = "Pods-Plaoc-iOS.release.xcconfig"; path = "Target Support Files/Pods-Plaoc-iOS/Pods-Plaoc-iOS.release.xcconfig"; sourceTree = "<group>"; };
		A5809565AC90F07BA6C7F1EB /* Pods-Plaoc-iOS.debug.xcconfig */ = {isa = PBXFileReference; includeInIndex = 1; lastKnownFileType = text.xcconfig; name = "Pods-Plaoc-iOS.debug.xcconfig"; path = "Target Support Files/Pods-Plaoc-iOS/Pods-Plaoc-iOS.debug.xcconfig"; sourceTree = "<group>"; };
		AD041E040D0D8A928C80D363 /* Pods_Plaoc_iOS.framework */ = {isa = PBXFileReference; explicitFileType = wrapper.framework; includeInIndex = 0; path = Pods_Plaoc_iOS.framework; sourceTree = BUILT_PRODUCTS_DIR; };
		B7CEF629DD9186D033A817F3 /* Pods_Plaoc_iOS_Plaoc_iOSUITests.framework */ = {isa = PBXFileReference; explicitFileType = wrapper.framework; includeInIndex = 0; path = Pods_Plaoc_iOS_Plaoc_iOSUITests.framework; sourceTree = BUILT_PRODUCTS_DIR; };
		F406C3D95E45CC0D87A9E05A /* Pods_Plaoc_iOSTests.framework */ = {isa = PBXFileReference; explicitFileType = wrapper.framework; includeInIndex = 0; path = Pods_Plaoc_iOSTests.framework; sourceTree = BUILT_PRODUCTS_DIR; };
/* End PBXFileReference section */

/* Begin PBXFrameworksBuildPhase section */
		04BC49932858758E003FE6D9 /* Frameworks */ = {
			isa = PBXFrameworksBuildPhase;
			buildActionMask = 2147483647;
			files = (
				916114F6F07B73B1656582A6 /* Pods_Plaoc_iOS.framework in Frameworks */,
			);
			runOnlyForDeploymentPostprocessing = 0;
		};
		04BC49A928587591003FE6D9 /* Frameworks */ = {
			isa = PBXFrameworksBuildPhase;
			buildActionMask = 2147483647;
			files = (
				11D0AFEBD7D391AB6EB76F76 /* Pods_Plaoc_iOSTests.framework in Frameworks */,
			);
			runOnlyForDeploymentPostprocessing = 0;
		};
		04BC49B328587591003FE6D9 /* Frameworks */ = {
			isa = PBXFrameworksBuildPhase;
			buildActionMask = 2147483647;
			files = (
				C07EB6E924312BC190082CB9 /* Pods_Plaoc_iOS_Plaoc_iOSUITests.framework in Frameworks */,
			);
			runOnlyForDeploymentPostprocessing = 0;
		};
/* End PBXFrameworksBuildPhase section */

/* Begin PBXGroup section */
		040E4D0028727DF4003569F1 /* Tools */ = {
			isa = PBXGroup;
			children = (
				040E4D0128727E0C003569F1 /* WebViewPool.swift */,
				0404B057287414F5000BABE8 /* XXWebView.swift */,
				0404B05928742BFF000BABE8 /* HPKWebViewPool.swift */,
				04B555E3287594C600314C9F /* ChangeTools.swift */,
				04C9414B2877BB2D002FDF31 /* OperateMonitor.swift */,
				04BA30EB287D122C00F8F703 /* PermissionManager.swift */,
				04B2B7D5287E5B8100172109 /* NotificationManager.swift */,
				04C02431287FF3EA008E32C8 /* BluetoothManager.swift */,
				04E6D85F2884F269006ECB69 /* LocationManager.swift */,
				042FCD1B288A2FB50017BA5B /* PhotoManager.swift */,
				044C7DEF288E378F002D682A /* DocumentManager.swift */,
				04002FA828976D0F00D03CB0 /* CacheManager.swift */,
				04002FAA2897700800D03CB0 /* MemoryManager.swift */,
				04002FAC2897701900D03CB0 /* DatabaseManager.swift */,
				04A664662898C43D006A11EB /* DiskManager.swift */,
			);
			path = Tools;
			sourceTree = "<group>";
		};
		0419F103286051D700EF8DC2 /* extension */ = {
			isa = PBXGroup;
			children = (
				0419F105286051F500EF8DC2 /* UIDevice_extension.swift */,
				0419F104286051F500EF8DC2 /* UIView_extension.swift */,
				040E4D0F2872DAEC003569F1 /* UIButton_extension.swift */,
				04C0243428801027008E32C8 /* String_extension.swift */,
				04C02436288011C4008E32C8 /* Data_extension.swift */,
			);
			path = extension;
			sourceTree = "<group>";
		};
		041D0FFB2862AEC300AEFE7D /* ocFile */ = {
			isa = PBXGroup;
			children = (
				0443FCE02864422E003425CD /* UIImage+SVG.h */,
				0443FCDF2864422E003425CD /* UIImage+SVG.m */,
			);
			path = ocFile;
			sourceTree = "<group>";
		};
		041D100328630B4E00AEFE7D /* model */ = {
			isa = PBXGroup;
			children = (
				041D100428630B7800AEFE7D /* ButtonModel.swift */,
				0443FCDD28640B70003425CD /* BottomBarModel.swift */,
				0443FCE428646A7B003425CD /* AlertConfiguration.swift */,
				0443FCE628646DB3003425CD /* PromptConfiguration.swift */,
				0443FCE828646E6A003425CD /* ConfirmConfiguration.swift */,
			);
			path = model;
			sourceTree = "<group>";
		};
		04376B56286C36500007B444 /* jsFile */ = {
			isa = PBXGroup;
			children = (
				0404AFFF2873CAA6000BABE8 /* method_photo.svg */,
				040E4D0A2872D9CF003569F1 /* angle_nft.png */,
				040E4D092872D9CF003569F1 /* coil_logo_colored.svg */,
				040E4D0B2872D9CF003569F1 /* ico_bottom_tab_publisher.svg */,
				04376B57286C36730007B444 /* example.html */,
				04376B58286C36730007B444 /* statusbar.html */,
			);
			path = jsFile;
			sourceTree = "<group>";
		};
		04BC498D2858758E003FE6D9 = {
			isa = PBXGroup;
			children = (
				04BC49982858758E003FE6D9 /* Plaoc-iOS */,
				04BC49AF28587591003FE6D9 /* Plaoc-iOSTests */,
				04BC49B928587591003FE6D9 /* Plaoc-iOSUITests */,
				04BC49972858758E003FE6D9 /* Products */,
				3078C30D859231DE4890095F /* Pods */,
				661E0697B5FEE42D9FBDA3AD /* Frameworks */,
			);
			sourceTree = "<group>";
		};
		04BC49972858758E003FE6D9 /* Products */ = {
			isa = PBXGroup;
			children = (
				04BC49962858758E003FE6D9 /* Plaoc-iOS.app */,
				04BC49AC28587591003FE6D9 /* Plaoc-iOSTests.xctest */,
				04BC49B628587591003FE6D9 /* Plaoc-iOSUITests.xctest */,
			);
			name = Products;
			sourceTree = "<group>";
		};
		04BC49982858758E003FE6D9 /* Plaoc-iOS */ = {
			isa = PBXGroup;
			children = (
				040E4D0028727DF4003569F1 /* Tools */,
				04376B56286C36500007B444 /* jsFile */,
				045E369C286AF4B500A62263 /* resource_3rd */,
				041D100328630B4E00AEFE7D /* model */,
				041D0FFB2862AEC300AEFE7D /* ocFile */,
				0419F103286051D700EF8DC2 /* extension */,
				04D02262286051170018716E /* customView */,
				04BC49CC2858768E003FE6D9 /* LeadReplyHandle.swift */,
				04BC49CB2858768E003FE6D9 /* LeadScriptHandle.swift */,
				0406F5052865B3F9006F4F6F /* Schemehandler.swift */,
				04BC49C9285875B6003FE6D9 /* CustomWebView.swift */,
				04BC49992858758E003FE6D9 /* AppDelegate.swift */,
				04BC499D2858758E003FE6D9 /* ViewController.swift */,
				0419F10E2861BFED00EF8DC2 /* CaptureViewController.swift */,
				0419F101286051B200EF8DC2 /* WebViewViewController.swift */,
				0419F1082860560400EF8DC2 /* CustomNaviViewController.swift */,
				04560C862876E78E00638E2A /* CustomTabbarViewController.swift */,
				04DCE25228869859001BE6B1 /* SecondViewController.swift */,
				04DCE25428869A5E001BE6B1 /* ThirdViewController.swift */,
				042FCD1F288A45D00017BA5B /* ScanPhotoViewController.swift */,
				04BC499F2858758E003FE6D9 /* Main.storyboard */,
				04BC49A228587590003FE6D9 /* Assets.xcassets */,
				04BC49A428587590003FE6D9 /* LaunchScreen.storyboard */,
				04BC49A728587590003FE6D9 /* Info.plist */,
				041D0FFC2862AEE500AEFE7D /* Plaoc-iOS-Bridging-Header.h */,
			);
			path = "Plaoc-iOS";
			sourceTree = "<group>";
		};
		04BC49AF28587591003FE6D9 /* Plaoc-iOSTests */ = {
			isa = PBXGroup;
			children = (
				04BC49B028587591003FE6D9 /* Plaoc_iOSTests.swift */,
			);
			path = "Plaoc-iOSTests";
			sourceTree = "<group>";
		};
		04BC49B928587591003FE6D9 /* Plaoc-iOSUITests */ = {
			isa = PBXGroup;
			children = (
				04BC49BA28587591003FE6D9 /* Plaoc_iOSUITests.swift */,
				04BC49BC28587591003FE6D9 /* Plaoc_iOSUITestsLaunchTests.swift */,
			);
			path = "Plaoc-iOSUITests";
			sourceTree = "<group>";
		};
		04D02262286051170018716E /* customView */ = {
			isa = PBXGroup;
			children = (
				0443FCE22864615D003425CD /* CustomBasePopView.swift */,
				04398600286593520081A9F7 /* CustomAlertPopView.swift */,
				043586642865559F004A83BB /* CustomConfirmPopView.swift */,
				0435866628655794004A83BB /* CustomPromptPopView.swift */,
				0419F1102861C01500EF8DC2 /* RecordView.swift */,
				04D022642860514C0018716E /* BottomView.swift */,
				04D022652860514C0018716E /* NaviView.swift */,
				04D022632860514C0018716E /* StatusView.swift */,
			);
			path = customView;
			sourceTree = "<group>";
		};
		3078C30D859231DE4890095F /* Pods */ = {
			isa = PBXGroup;
			children = (
				A5809565AC90F07BA6C7F1EB /* Pods-Plaoc-iOS.debug.xcconfig */,
				9253F37A7FD3392156DBBAFD /* Pods-Plaoc-iOS.release.xcconfig */,
				313AB853F7F2C1801E784DEE /* Pods-Plaoc-iOS-Plaoc-iOSUITests.debug.xcconfig */,
				705FA159B7FAAE859B2A8489 /* Pods-Plaoc-iOS-Plaoc-iOSUITests.release.xcconfig */,
				7A09A54F69403DF467450CCB /* Pods-Plaoc-iOSTests.debug.xcconfig */,
				0C33E220005C4F02F76A22CA /* Pods-Plaoc-iOSTests.release.xcconfig */,
			);
			path = Pods;
			sourceTree = "<group>";
		};
		661E0697B5FEE42D9FBDA3AD /* Frameworks */ = {
			isa = PBXGroup;
			children = (
				AD041E040D0D8A928C80D363 /* Pods_Plaoc_iOS.framework */,
				B7CEF629DD9186D033A817F3 /* Pods_Plaoc_iOS_Plaoc_iOSUITests.framework */,
				F406C3D95E45CC0D87A9E05A /* Pods_Plaoc_iOSTests.framework */,
			);
			name = Frameworks;
			sourceTree = "<group>";
		};
/* End PBXGroup section */

/* Begin PBXNativeTarget section */
		04BC49952858758E003FE6D9 /* Plaoc-iOS */ = {
			isa = PBXNativeTarget;
			buildConfigurationList = 04BC49C028587591003FE6D9 /* Build configuration list for PBXNativeTarget "Plaoc-iOS" */;
			buildPhases = (
				87061DAA0B4D0C1562387235 /* [CP] Check Pods Manifest.lock */,
				04BC49922858758E003FE6D9 /* Sources */,
				04BC49932858758E003FE6D9 /* Frameworks */,
				04BC49942858758E003FE6D9 /* Resources */,
				DD83F927FF4CBCFAB77D7059 /* [CP] Embed Pods Frameworks */,
			);
			buildRules = (
			);
			dependencies = (
			);
			name = "Plaoc-iOS";
			productName = "Plaoc-iOS";
			productReference = 04BC49962858758E003FE6D9 /* Plaoc-iOS.app */;
			productType = "com.apple.product-type.application";
		};
		04BC49AB28587591003FE6D9 /* Plaoc-iOSTests */ = {
			isa = PBXNativeTarget;
			buildConfigurationList = 04BC49C328587591003FE6D9 /* Build configuration list for PBXNativeTarget "Plaoc-iOSTests" */;
			buildPhases = (
				FFC3F9DA37E5398D25BC3ADA /* [CP] Check Pods Manifest.lock */,
				04BC49A828587591003FE6D9 /* Sources */,
				04BC49A928587591003FE6D9 /* Frameworks */,
				04BC49AA28587591003FE6D9 /* Resources */,
			);
			buildRules = (
			);
			dependencies = (
				04BC49AE28587591003FE6D9 /* PBXTargetDependency */,
			);
			name = "Plaoc-iOSTests";
			productName = "Plaoc-iOSTests";
			productReference = 04BC49AC28587591003FE6D9 /* Plaoc-iOSTests.xctest */;
			productType = "com.apple.product-type.bundle.unit-test";
		};
		04BC49B528587591003FE6D9 /* Plaoc-iOSUITests */ = {
			isa = PBXNativeTarget;
			buildConfigurationList = 04BC49C628587591003FE6D9 /* Build configuration list for PBXNativeTarget "Plaoc-iOSUITests" */;
			buildPhases = (
				841A98DEBD4E2DF8D01A402B /* [CP] Check Pods Manifest.lock */,
				04BC49B228587591003FE6D9 /* Sources */,
				04BC49B328587591003FE6D9 /* Frameworks */,
				04BC49B428587591003FE6D9 /* Resources */,
				4C983EF97929611A59B7E66B /* [CP] Embed Pods Frameworks */,
			);
			buildRules = (
			);
			dependencies = (
				04BC49B828587591003FE6D9 /* PBXTargetDependency */,
			);
			name = "Plaoc-iOSUITests";
			productName = "Plaoc-iOSUITests";
			productReference = 04BC49B628587591003FE6D9 /* Plaoc-iOSUITests.xctest */;
			productType = "com.apple.product-type.bundle.ui-testing";
		};
/* End PBXNativeTarget section */

/* Begin PBXProject section */
		04BC498E2858758E003FE6D9 /* Project object */ = {
			isa = PBXProject;
			attributes = {
				BuildIndependentTargetsInParallel = 1;
				LastSwiftUpdateCheck = 1330;
				LastUpgradeCheck = 1330;
				TargetAttributes = {
					04BC49952858758E003FE6D9 = {
						CreatedOnToolsVersion = 13.3.1;
						LastSwiftMigration = 1330;
					};
					04BC49AB28587591003FE6D9 = {
						CreatedOnToolsVersion = 13.3.1;
						TestTargetID = 04BC49952858758E003FE6D9;
					};
					04BC49B528587591003FE6D9 = {
						CreatedOnToolsVersion = 13.3.1;
						TestTargetID = 04BC49952858758E003FE6D9;
					};
				};
			};
			buildConfigurationList = 04BC49912858758E003FE6D9 /* Build configuration list for PBXProject "Plaoc-iOS" */;
			compatibilityVersion = "Xcode 13.0";
			developmentRegion = en;
			hasScannedForEncodings = 0;
			knownRegions = (
				en,
				Base,
			);
			mainGroup = 04BC498D2858758E003FE6D9;
			productRefGroup = 04BC49972858758E003FE6D9 /* Products */;
			projectDirPath = "";
			projectRoot = "";
			targets = (
				04BC49952858758E003FE6D9 /* Plaoc-iOS */,
				04BC49AB28587591003FE6D9 /* Plaoc-iOSTests */,
				04BC49B528587591003FE6D9 /* Plaoc-iOSUITests */,
			);
		};
/* End PBXProject section */

/* Begin PBXResourcesBuildPhase section */
		04BC49942858758E003FE6D9 /* Resources */ = {
			isa = PBXResourcesBuildPhase;
			buildActionMask = 2147483647;
			files = (
				0404B0002873CAA6000BABE8 /* method_photo.svg in Resources */,
				040E4D0E2872D9CF003569F1 /* ico_bottom_tab_publisher.svg in Resources */,
				04376B5A286C36730007B444 /* statusbar.html in Resources */,
				04376B59286C36730007B444 /* example.html in Resources */,
				04BC49A628587590003FE6D9 /* LaunchScreen.storyboard in Resources */,
				040E4D0C2872D9CF003569F1 /* coil_logo_colored.svg in Resources */,
				045E369D286AF4B500A62263 /* resource_3rd in Resources */,
				04BC49A328587590003FE6D9 /* Assets.xcassets in Resources */,
				040E4D0D2872D9CF003569F1 /* angle_nft.png in Resources */,
				04BC49A12858758E003FE6D9 /* Main.storyboard in Resources */,
			);
			runOnlyForDeploymentPostprocessing = 0;
		};
		04BC49AA28587591003FE6D9 /* Resources */ = {
			isa = PBXResourcesBuildPhase;
			buildActionMask = 2147483647;
			files = (
			);
			runOnlyForDeploymentPostprocessing = 0;
		};
		04BC49B428587591003FE6D9 /* Resources */ = {
			isa = PBXResourcesBuildPhase;
			buildActionMask = 2147483647;
			files = (
			);
			runOnlyForDeploymentPostprocessing = 0;
		};
/* End PBXResourcesBuildPhase section */

/* Begin PBXShellScriptBuildPhase section */
		4C983EF97929611A59B7E66B /* [CP] Embed Pods Frameworks */ = {
			isa = PBXShellScriptBuildPhase;
			buildActionMask = 2147483647;
			files = (
			);
			inputFileListPaths = (
				"${PODS_ROOT}/Target Support Files/Pods-Plaoc-iOS-Plaoc-iOSUITests/Pods-Plaoc-iOS-Plaoc-iOSUITests-frameworks-${CONFIGURATION}-input-files.xcfilelist",
			);
			name = "[CP] Embed Pods Frameworks";
			outputFileListPaths = (
				"${PODS_ROOT}/Target Support Files/Pods-Plaoc-iOS-Plaoc-iOSUITests/Pods-Plaoc-iOS-Plaoc-iOSUITests-frameworks-${CONFIGURATION}-output-files.xcfilelist",
			);
			runOnlyForDeploymentPostprocessing = 0;
			shellPath = /bin/sh;
			shellScript = "\"${PODS_ROOT}/Target Support Files/Pods-Plaoc-iOS-Plaoc-iOSUITests/Pods-Plaoc-iOS-Plaoc-iOSUITests-frameworks.sh\"\n";
			showEnvVarsInLog = 0;
		};
		841A98DEBD4E2DF8D01A402B /* [CP] Check Pods Manifest.lock */ = {
			isa = PBXShellScriptBuildPhase;
			buildActionMask = 2147483647;
			files = (
			);
			inputFileListPaths = (
			);
			inputPaths = (
				"${PODS_PODFILE_DIR_PATH}/Podfile.lock",
				"${PODS_ROOT}/Manifest.lock",
			);
			name = "[CP] Check Pods Manifest.lock";
			outputFileListPaths = (
			);
			outputPaths = (
				"$(DERIVED_FILE_DIR)/Pods-Plaoc-iOS-Plaoc-iOSUITests-checkManifestLockResult.txt",
			);
			runOnlyForDeploymentPostprocessing = 0;
			shellPath = /bin/sh;
			shellScript = "diff \"${PODS_PODFILE_DIR_PATH}/Podfile.lock\" \"${PODS_ROOT}/Manifest.lock\" > /dev/null\nif [ $? != 0 ] ; then\n    # print error to STDERR\n    echo \"error: The sandbox is not in sync with the Podfile.lock. Run 'pod install' or update your CocoaPods installation.\" >&2\n    exit 1\nfi\n# This output is used by Xcode 'outputs' to avoid re-running this script phase.\necho \"SUCCESS\" > \"${SCRIPT_OUTPUT_FILE_0}\"\n";
			showEnvVarsInLog = 0;
		};
		87061DAA0B4D0C1562387235 /* [CP] Check Pods Manifest.lock */ = {
			isa = PBXShellScriptBuildPhase;
			buildActionMask = 2147483647;
			files = (
			);
			inputFileListPaths = (
			);
			inputPaths = (
				"${PODS_PODFILE_DIR_PATH}/Podfile.lock",
				"${PODS_ROOT}/Manifest.lock",
			);
			name = "[CP] Check Pods Manifest.lock";
			outputFileListPaths = (
			);
			outputPaths = (
				"$(DERIVED_FILE_DIR)/Pods-Plaoc-iOS-checkManifestLockResult.txt",
			);
			runOnlyForDeploymentPostprocessing = 0;
			shellPath = /bin/sh;
			shellScript = "diff \"${PODS_PODFILE_DIR_PATH}/Podfile.lock\" \"${PODS_ROOT}/Manifest.lock\" > /dev/null\nif [ $? != 0 ] ; then\n    # print error to STDERR\n    echo \"error: The sandbox is not in sync with the Podfile.lock. Run 'pod install' or update your CocoaPods installation.\" >&2\n    exit 1\nfi\n# This output is used by Xcode 'outputs' to avoid re-running this script phase.\necho \"SUCCESS\" > \"${SCRIPT_OUTPUT_FILE_0}\"\n";
			showEnvVarsInLog = 0;
		};
		DD83F927FF4CBCFAB77D7059 /* [CP] Embed Pods Frameworks */ = {
			isa = PBXShellScriptBuildPhase;
			buildActionMask = 2147483647;
			files = (
			);
			inputFileListPaths = (
				"${PODS_ROOT}/Target Support Files/Pods-Plaoc-iOS/Pods-Plaoc-iOS-frameworks-${CONFIGURATION}-input-files.xcfilelist",
			);
			name = "[CP] Embed Pods Frameworks";
			outputFileListPaths = (
				"${PODS_ROOT}/Target Support Files/Pods-Plaoc-iOS/Pods-Plaoc-iOS-frameworks-${CONFIGURATION}-output-files.xcfilelist",
			);
			runOnlyForDeploymentPostprocessing = 0;
			shellPath = /bin/sh;
			shellScript = "\"${PODS_ROOT}/Target Support Files/Pods-Plaoc-iOS/Pods-Plaoc-iOS-frameworks.sh\"\n";
			showEnvVarsInLog = 0;
		};
		FFC3F9DA37E5398D25BC3ADA /* [CP] Check Pods Manifest.lock */ = {
			isa = PBXShellScriptBuildPhase;
			buildActionMask = 2147483647;
			files = (
			);
			inputFileListPaths = (
			);
			inputPaths = (
				"${PODS_PODFILE_DIR_PATH}/Podfile.lock",
				"${PODS_ROOT}/Manifest.lock",
			);
			name = "[CP] Check Pods Manifest.lock";
			outputFileListPaths = (
			);
			outputPaths = (
				"$(DERIVED_FILE_DIR)/Pods-Plaoc-iOSTests-checkManifestLockResult.txt",
			);
			runOnlyForDeploymentPostprocessing = 0;
			shellPath = /bin/sh;
			shellScript = "diff \"${PODS_PODFILE_DIR_PATH}/Podfile.lock\" \"${PODS_ROOT}/Manifest.lock\" > /dev/null\nif [ $? != 0 ] ; then\n    # print error to STDERR\n    echo \"error: The sandbox is not in sync with the Podfile.lock. Run 'pod install' or update your CocoaPods installation.\" >&2\n    exit 1\nfi\n# This output is used by Xcode 'outputs' to avoid re-running this script phase.\necho \"SUCCESS\" > \"${SCRIPT_OUTPUT_FILE_0}\"\n";
			showEnvVarsInLog = 0;
		};
/* End PBXShellScriptBuildPhase section */

/* Begin PBXSourcesBuildPhase section */
		04BC49922858758E003FE6D9 /* Sources */ = {
			isa = PBXSourcesBuildPhase;
			buildActionMask = 2147483647;
			files = (
				0443FCE12864422E003425CD /* UIImage+SVG.m in Sources */,
				044C7DF0288E378F002D682A /* DocumentManager.swift in Sources */,
				0443FCE928646E6A003425CD /* ConfirmConfiguration.swift in Sources */,
				0419F106286051F500EF8DC2 /* UIView_extension.swift in Sources */,
				042FCD1C288A2FB50017BA5B /* PhotoManager.swift in Sources */,
				04BC49CD2858768E003FE6D9 /* LeadScriptHandle.swift in Sources */,
				04C0243528801027008E32C8 /* String_extension.swift in Sources */,
				0406F5062865B3F9006F4F6F /* Schemehandler.swift in Sources */,
				04DCE25328869859001BE6B1 /* SecondViewController.swift in Sources */,
				04D022662860514C0018716E /* StatusView.swift in Sources */,
				0404B05A28742BFF000BABE8 /* HPKWebViewPool.swift in Sources */,
				04C9414C2877BB2D002FDF31 /* OperateMonitor.swift in Sources */,
				0419F1112861C01500EF8DC2 /* RecordView.swift in Sources */,
				040E4D0228727E0C003569F1 /* WebViewPool.swift in Sources */,
				04BC499E2858758E003FE6D9 /* ViewController.swift in Sources */,
				043586652865559F004A83BB /* CustomConfirmPopView.swift in Sources */,
				04A664672898C43D006A11EB /* DiskManager.swift in Sources */,
				04D022682860514C0018716E /* NaviView.swift in Sources */,
				0443FCE728646DB3003425CD /* PromptConfiguration.swift in Sources */,
				0443FCE528646A7B003425CD /* AlertConfiguration.swift in Sources */,
				040E4D102872DAEC003569F1 /* UIButton_extension.swift in Sources */,
				0419F1092860560400EF8DC2 /* CustomNaviViewController.swift in Sources */,
				0404B058287414F5000BABE8 /* XXWebView.swift in Sources */,
				04B2B7D6287E5B8100172109 /* NotificationManager.swift in Sources */,
				04BC499A2858758E003FE6D9 /* AppDelegate.swift in Sources */,
				04DCE25528869A5E001BE6B1 /* ThirdViewController.swift in Sources */,
				04398601286593520081A9F7 /* CustomAlertPopView.swift in Sources */,
				04002FAB2897700800D03CB0 /* MemoryManager.swift in Sources */,
				041D100528630B7800AEFE7D /* ButtonModel.swift in Sources */,
				04002FAD2897701900D03CB0 /* DatabaseManager.swift in Sources */,
				0443FCDE28640B70003425CD /* BottomBarModel.swift in Sources */,
				04002FA928976D0F00D03CB0 /* CacheManager.swift in Sources */,
				0419F107286051F500EF8DC2 /* UIDevice_extension.swift in Sources */,
				04C02432287FF3EA008E32C8 /* BluetoothManager.swift in Sources */,
				0443FCE32864615D003425CD /* CustomBasePopView.swift in Sources */,
				0419F10F2861BFED00EF8DC2 /* CaptureViewController.swift in Sources */,
				0435866728655794004A83BB /* CustomPromptPopView.swift in Sources */,
				04BC49CE2858768E003FE6D9 /* LeadReplyHandle.swift in Sources */,
				04BC49CA285875B6003FE6D9 /* CustomWebView.swift in Sources */,
				04C02437288011C4008E32C8 /* Data_extension.swift in Sources */,
				0419F102286051B200EF8DC2 /* WebViewViewController.swift in Sources */,
				04BA30EC287D122C00F8F703 /* PermissionManager.swift in Sources */,
				04D022672860514C0018716E /* BottomView.swift in Sources */,
				042FCD20288A45D00017BA5B /* ScanPhotoViewController.swift in Sources */,
				04560C872876E78E00638E2A /* CustomTabbarViewController.swift in Sources */,
				04E6D8602884F269006ECB69 /* LocationManager.swift in Sources */,
				04B555E4287594C600314C9F /* ChangeTools.swift in Sources */,
			);
			runOnlyForDeploymentPostprocessing = 0;
		};
		04BC49A828587591003FE6D9 /* Sources */ = {
			isa = PBXSourcesBuildPhase;
			buildActionMask = 2147483647;
			files = (
				04BC49B128587591003FE6D9 /* Plaoc_iOSTests.swift in Sources */,
			);
			runOnlyForDeploymentPostprocessing = 0;
		};
		04BC49B228587591003FE6D9 /* Sources */ = {
			isa = PBXSourcesBuildPhase;
			buildActionMask = 2147483647;
			files = (
				04BC49BD28587591003FE6D9 /* Plaoc_iOSUITestsLaunchTests.swift in Sources */,
				04BC49BB28587591003FE6D9 /* Plaoc_iOSUITests.swift in Sources */,
			);
			runOnlyForDeploymentPostprocessing = 0;
		};
/* End PBXSourcesBuildPhase section */

/* Begin PBXTargetDependency section */
		04BC49AE28587591003FE6D9 /* PBXTargetDependency */ = {
			isa = PBXTargetDependency;
			target = 04BC49952858758E003FE6D9 /* Plaoc-iOS */;
			targetProxy = 04BC49AD28587591003FE6D9 /* PBXContainerItemProxy */;
		};
		04BC49B828587591003FE6D9 /* PBXTargetDependency */ = {
			isa = PBXTargetDependency;
			target = 04BC49952858758E003FE6D9 /* Plaoc-iOS */;
			targetProxy = 04BC49B728587591003FE6D9 /* PBXContainerItemProxy */;
		};
/* End PBXTargetDependency section */

/* Begin PBXVariantGroup section */
		04BC499F2858758E003FE6D9 /* Main.storyboard */ = {
			isa = PBXVariantGroup;
			children = (
				04BC49A02858758E003FE6D9 /* Base */,
			);
			name = Main.storyboard;
			sourceTree = "<group>";
		};
		04BC49A428587590003FE6D9 /* LaunchScreen.storyboard */ = {
			isa = PBXVariantGroup;
			children = (
				04BC49A528587590003FE6D9 /* Base */,
			);
			name = LaunchScreen.storyboard;
			sourceTree = "<group>";
		};
/* End PBXVariantGroup section */

/* Begin XCBuildConfiguration section */
		04BC49BE28587591003FE6D9 /* Debug */ = {
			isa = XCBuildConfiguration;
			buildSettings = {
				ALWAYS_SEARCH_USER_PATHS = NO;
				CLANG_ANALYZER_NONNULL = YES;
				CLANG_ANALYZER_NUMBER_OBJECT_CONVERSION = YES_AGGRESSIVE;
				CLANG_CXX_LANGUAGE_STANDARD = "gnu++17";
				CLANG_ENABLE_MODULES = YES;
				CLANG_ENABLE_OBJC_ARC = YES;
				CLANG_ENABLE_OBJC_WEAK = YES;
				CLANG_WARN_BLOCK_CAPTURE_AUTORELEASING = YES;
				CLANG_WARN_BOOL_CONVERSION = YES;
				CLANG_WARN_COMMA = YES;
				CLANG_WARN_CONSTANT_CONVERSION = YES;
				CLANG_WARN_DEPRECATED_OBJC_IMPLEMENTATIONS = YES;
				CLANG_WARN_DIRECT_OBJC_ISA_USAGE = YES_ERROR;
				CLANG_WARN_DOCUMENTATION_COMMENTS = YES;
				CLANG_WARN_EMPTY_BODY = YES;
				CLANG_WARN_ENUM_CONVERSION = YES;
				CLANG_WARN_INFINITE_RECURSION = YES;
				CLANG_WARN_INT_CONVERSION = YES;
				CLANG_WARN_NON_LITERAL_NULL_CONVERSION = YES;
				CLANG_WARN_OBJC_IMPLICIT_RETAIN_SELF = YES;
				CLANG_WARN_OBJC_LITERAL_CONVERSION = YES;
				CLANG_WARN_OBJC_ROOT_CLASS = YES_ERROR;
				CLANG_WARN_QUOTED_INCLUDE_IN_FRAMEWORK_HEADER = YES;
				CLANG_WARN_RANGE_LOOP_ANALYSIS = YES;
				CLANG_WARN_STRICT_PROTOTYPES = YES;
				CLANG_WARN_SUSPICIOUS_MOVE = YES;
				CLANG_WARN_UNGUARDED_AVAILABILITY = YES_AGGRESSIVE;
				CLANG_WARN_UNREACHABLE_CODE = YES;
				CLANG_WARN__DUPLICATE_METHOD_MATCH = YES;
				COPY_PHASE_STRIP = NO;
				DEBUG_INFORMATION_FORMAT = dwarf;
				ENABLE_STRICT_OBJC_MSGSEND = YES;
				ENABLE_TESTABILITY = YES;
				GCC_C_LANGUAGE_STANDARD = gnu11;
				GCC_DYNAMIC_NO_PIC = NO;
				GCC_NO_COMMON_BLOCKS = YES;
				GCC_OPTIMIZATION_LEVEL = 0;
				GCC_PREPROCESSOR_DEFINITIONS = (
					"DEBUG=1",
					"$(inherited)",
				);
				GCC_WARN_64_TO_32_BIT_CONVERSION = YES;
				GCC_WARN_ABOUT_RETURN_TYPE = YES_ERROR;
				GCC_WARN_UNDECLARED_SELECTOR = YES;
				GCC_WARN_UNINITIALIZED_AUTOS = YES_AGGRESSIVE;
				GCC_WARN_UNUSED_FUNCTION = YES;
				GCC_WARN_UNUSED_VARIABLE = YES;
				IPHONEOS_DEPLOYMENT_TARGET = 15.0;
				MTL_ENABLE_DEBUG_INFO = INCLUDE_SOURCE;
				MTL_FAST_MATH = YES;
				ONLY_ACTIVE_ARCH = YES;
				SDKROOT = iphoneos;
				SWIFT_ACTIVE_COMPILATION_CONDITIONS = DEBUG;
				SWIFT_OPTIMIZATION_LEVEL = "-Onone";
			};
			name = Debug;
		};
		04BC49BF28587591003FE6D9 /* Release */ = {
			isa = XCBuildConfiguration;
			buildSettings = {
				ALWAYS_SEARCH_USER_PATHS = NO;
				CLANG_ANALYZER_NONNULL = YES;
				CLANG_ANALYZER_NUMBER_OBJECT_CONVERSION = YES_AGGRESSIVE;
				CLANG_CXX_LANGUAGE_STANDARD = "gnu++17";
				CLANG_ENABLE_MODULES = YES;
				CLANG_ENABLE_OBJC_ARC = YES;
				CLANG_ENABLE_OBJC_WEAK = YES;
				CLANG_WARN_BLOCK_CAPTURE_AUTORELEASING = YES;
				CLANG_WARN_BOOL_CONVERSION = YES;
				CLANG_WARN_COMMA = YES;
				CLANG_WARN_CONSTANT_CONVERSION = YES;
				CLANG_WARN_DEPRECATED_OBJC_IMPLEMENTATIONS = YES;
				CLANG_WARN_DIRECT_OBJC_ISA_USAGE = YES_ERROR;
				CLANG_WARN_DOCUMENTATION_COMMENTS = YES;
				CLANG_WARN_EMPTY_BODY = YES;
				CLANG_WARN_ENUM_CONVERSION = YES;
				CLANG_WARN_INFINITE_RECURSION = YES;
				CLANG_WARN_INT_CONVERSION = YES;
				CLANG_WARN_NON_LITERAL_NULL_CONVERSION = YES;
				CLANG_WARN_OBJC_IMPLICIT_RETAIN_SELF = YES;
				CLANG_WARN_OBJC_LITERAL_CONVERSION = YES;
				CLANG_WARN_OBJC_ROOT_CLASS = YES_ERROR;
				CLANG_WARN_QUOTED_INCLUDE_IN_FRAMEWORK_HEADER = YES;
				CLANG_WARN_RANGE_LOOP_ANALYSIS = YES;
				CLANG_WARN_STRICT_PROTOTYPES = YES;
				CLANG_WARN_SUSPICIOUS_MOVE = YES;
				CLANG_WARN_UNGUARDED_AVAILABILITY = YES_AGGRESSIVE;
				CLANG_WARN_UNREACHABLE_CODE = YES;
				CLANG_WARN__DUPLICATE_METHOD_MATCH = YES;
				COPY_PHASE_STRIP = NO;
				DEBUG_INFORMATION_FORMAT = "dwarf-with-dsym";
				ENABLE_NS_ASSERTIONS = NO;
				ENABLE_STRICT_OBJC_MSGSEND = YES;
				GCC_C_LANGUAGE_STANDARD = gnu11;
				GCC_NO_COMMON_BLOCKS = YES;
				GCC_WARN_64_TO_32_BIT_CONVERSION = YES;
				GCC_WARN_ABOUT_RETURN_TYPE = YES_ERROR;
				GCC_WARN_UNDECLARED_SELECTOR = YES;
				GCC_WARN_UNINITIALIZED_AUTOS = YES_AGGRESSIVE;
				GCC_WARN_UNUSED_FUNCTION = YES;
				GCC_WARN_UNUSED_VARIABLE = YES;
				IPHONEOS_DEPLOYMENT_TARGET = 15.0;
				MTL_ENABLE_DEBUG_INFO = NO;
				MTL_FAST_MATH = YES;
				SDKROOT = iphoneos;
				SWIFT_COMPILATION_MODE = wholemodule;
				SWIFT_OPTIMIZATION_LEVEL = "-O";
				VALIDATE_PRODUCT = YES;
			};
			name = Release;
		};
		04BC49C128587591003FE6D9 /* Debug */ = {
			isa = XCBuildConfiguration;
			baseConfigurationReference = A5809565AC90F07BA6C7F1EB /* Pods-Plaoc-iOS.debug.xcconfig */;
			buildSettings = {
				ASSETCATALOG_COMPILER_APPICON_NAME = AppIcon;
				ASSETCATALOG_COMPILER_GLOBAL_ACCENT_COLOR_NAME = AccentColor;
				CLANG_ENABLE_MODULES = YES;
				CODE_SIGN_STYLE = Automatic;
				CURRENT_PROJECT_VERSION = 1;
				DEVELOPMENT_TEAM = 36GFDG5D55;
				GENERATE_INFOPLIST_FILE = YES;
				INFOPLIST_FILE = "Plaoc-iOS/Info.plist";
				INFOPLIST_KEY_CFBundleDisplayName = "Plaoc-iOS";
				INFOPLIST_KEY_NSAppleMusicUsageDescription = "App需要您的同意,才能访问媒体资料库";
				INFOPLIST_KEY_NSBluetoothPeripheralUsageDescription = "App需要您的同意,才能访问媒蓝牙";
				INFOPLIST_KEY_NSCameraUsageDescription = "App需要您的同意,才能访问相机";
				INFOPLIST_KEY_NSContactsUsageDescription = "App需要您的同意,才能访问通讯录";
				INFOPLIST_KEY_NSLocationAlwaysUsageDescription = "App需要您的同意,才能访问定位";
				INFOPLIST_KEY_NSLocationWhenInUseUsageDescription = "App需要您的同意,才能访问定位";
				INFOPLIST_KEY_NSMicrophoneUsageDescription = "App需要您的同意,才能访问麦克风";
				INFOPLIST_KEY_NSPhotoLibraryUsageDescription = "App需要您的同意,才能访问相册";
				INFOPLIST_KEY_UIApplicationSupportsIndirectInputEvents = YES;
				INFOPLIST_KEY_UILaunchStoryboardName = LaunchScreen;
				INFOPLIST_KEY_UIMainStoryboardFile = Main;
				INFOPLIST_KEY_UISupportedInterfaceOrientations_iPad = "UIInterfaceOrientationPortrait UIInterfaceOrientationPortraitUpsideDown UIInterfaceOrientationLandscapeLeft UIInterfaceOrientationLandscapeRight";
				INFOPLIST_KEY_UISupportedInterfaceOrientations_iPhone = "UIInterfaceOrientationPortrait UIInterfaceOrientationLandscapeLeft UIInterfaceOrientationLandscapeRight";
				IPHONEOS_DEPLOYMENT_TARGET = 15.0;
				LD_RUNPATH_SEARCH_PATHS = (
					"$(inherited)",
					"@executable_path/Frameworks",
				);
				MARKETING_VERSION = 1.0;
				ON_DEMAND_RESOURCES_INITIAL_INSTALL_TAGS = "";
				PRODUCT_BUNDLE_IDENTIFIER = com.instinctii.dd;
				PRODUCT_NAME = "$(TARGET_NAME)";
				SWIFT_EMIT_LOC_STRINGS = YES;
				SWIFT_OBJC_BRIDGING_HEADER = "Plaoc-iOS/Plaoc-iOS-Bridging-Header.h";
				SWIFT_OPTIMIZATION_LEVEL = "-Onone";
				SWIFT_VERSION = 5.0;
				TARGETED_DEVICE_FAMILY = "1,2";
			};
			name = Debug;
		};
		04BC49C228587591003FE6D9 /* Release */ = {
			isa = XCBuildConfiguration;
			baseConfigurationReference = 9253F37A7FD3392156DBBAFD /* Pods-Plaoc-iOS.release.xcconfig */;
			buildSettings = {
				ASSETCATALOG_COMPILER_APPICON_NAME = AppIcon;
				ASSETCATALOG_COMPILER_GLOBAL_ACCENT_COLOR_NAME = AccentColor;
				CLANG_ENABLE_MODULES = YES;
				CODE_SIGN_STYLE = Automatic;
				CURRENT_PROJECT_VERSION = 1;
				DEVELOPMENT_TEAM = 36GFDG5D55;
				GENERATE_INFOPLIST_FILE = YES;
				INFOPLIST_FILE = "Plaoc-iOS/Info.plist";
				INFOPLIST_KEY_CFBundleDisplayName = "Plaoc-iOS";
				INFOPLIST_KEY_NSAppleMusicUsageDescription = "App需要您的同意,才能访问媒体资料库";
				INFOPLIST_KEY_NSBluetoothPeripheralUsageDescription = "App需要您的同意,才能访问媒蓝牙";
				INFOPLIST_KEY_NSCameraUsageDescription = "App需要您的同意,才能访问相机";
				INFOPLIST_KEY_NSContactsUsageDescription = "App需要您的同意,才能访问通讯录";
				INFOPLIST_KEY_NSLocationAlwaysUsageDescription = "App需要您的同意,才能访问定位";
				INFOPLIST_KEY_NSLocationWhenInUseUsageDescription = "App需要您的同意,才能访问定位";
				INFOPLIST_KEY_NSMicrophoneUsageDescription = "App需要您的同意,才能访问麦克风";
				INFOPLIST_KEY_NSPhotoLibraryUsageDescription = "App需要您的同意,才能访问相册";
				INFOPLIST_KEY_UIApplicationSupportsIndirectInputEvents = YES;
				INFOPLIST_KEY_UILaunchStoryboardName = LaunchScreen;
				INFOPLIST_KEY_UIMainStoryboardFile = Main;
				INFOPLIST_KEY_UISupportedInterfaceOrientations_iPad = "UIInterfaceOrientationPortrait UIInterfaceOrientationPortraitUpsideDown UIInterfaceOrientationLandscapeLeft UIInterfaceOrientationLandscapeRight";
				INFOPLIST_KEY_UISupportedInterfaceOrientations_iPhone = "UIInterfaceOrientationPortrait UIInterfaceOrientationLandscapeLeft UIInterfaceOrientationLandscapeRight";
				IPHONEOS_DEPLOYMENT_TARGET = 15.0;
				LD_RUNPATH_SEARCH_PATHS = (
					"$(inherited)",
					"@executable_path/Frameworks",
				);
				MARKETING_VERSION = 1.0;
				ON_DEMAND_RESOURCES_INITIAL_INSTALL_TAGS = "";
				PRODUCT_BUNDLE_IDENTIFIER = com.instinctii.dd;
				PRODUCT_NAME = "$(TARGET_NAME)";
				SWIFT_EMIT_LOC_STRINGS = YES;
				SWIFT_OBJC_BRIDGING_HEADER = "Plaoc-iOS/Plaoc-iOS-Bridging-Header.h";
				SWIFT_VERSION = 5.0;
				TARGETED_DEVICE_FAMILY = "1,2";
			};
			name = Release;
		};
		04BC49C428587591003FE6D9 /* Debug */ = {
			isa = XCBuildConfiguration;
			baseConfigurationReference = 7A09A54F69403DF467450CCB /* Pods-Plaoc-iOSTests.debug.xcconfig */;
			buildSettings = {
				ALWAYS_EMBED_SWIFT_STANDARD_LIBRARIES = YES;
				BUNDLE_LOADER = "$(TEST_HOST)";
				CODE_SIGN_STYLE = Automatic;
				CURRENT_PROJECT_VERSION = 1;
				GENERATE_INFOPLIST_FILE = YES;
				IPHONEOS_DEPLOYMENT_TARGET = 15.4;
				MARKETING_VERSION = 1.0;
				PRODUCT_BUNDLE_IDENTIFIER = "com.bngl.BFChain.Plaoc-iOSTests";
				PRODUCT_NAME = "$(TARGET_NAME)";
				SWIFT_EMIT_LOC_STRINGS = NO;
				SWIFT_VERSION = 5.0;
				TARGETED_DEVICE_FAMILY = "1,2";
				TEST_HOST = "$(BUILT_PRODUCTS_DIR)/Plaoc-iOS.app/Plaoc-iOS";
			};
			name = Debug;
		};
		04BC49C528587591003FE6D9 /* Release */ = {
			isa = XCBuildConfiguration;
			baseConfigurationReference = 0C33E220005C4F02F76A22CA /* Pods-Plaoc-iOSTests.release.xcconfig */;
			buildSettings = {
				ALWAYS_EMBED_SWIFT_STANDARD_LIBRARIES = YES;
				BUNDLE_LOADER = "$(TEST_HOST)";
				CODE_SIGN_STYLE = Automatic;
				CURRENT_PROJECT_VERSION = 1;
				GENERATE_INFOPLIST_FILE = YES;
				IPHONEOS_DEPLOYMENT_TARGET = 15.4;
				MARKETING_VERSION = 1.0;
				PRODUCT_BUNDLE_IDENTIFIER = "com.bngl.BFChain.Plaoc-iOSTests";
				PRODUCT_NAME = "$(TARGET_NAME)";
				SWIFT_EMIT_LOC_STRINGS = NO;
				SWIFT_VERSION = 5.0;
				TARGETED_DEVICE_FAMILY = "1,2";
				TEST_HOST = "$(BUILT_PRODUCTS_DIR)/Plaoc-iOS.app/Plaoc-iOS";
			};
			name = Release;
		};
		04BC49C728587591003FE6D9 /* Debug */ = {
			isa = XCBuildConfiguration;
			baseConfigurationReference = 313AB853F7F2C1801E784DEE /* Pods-Plaoc-iOS-Plaoc-iOSUITests.debug.xcconfig */;
			buildSettings = {
				ALWAYS_EMBED_SWIFT_STANDARD_LIBRARIES = YES;
				CODE_SIGN_STYLE = Automatic;
				CURRENT_PROJECT_VERSION = 1;
				GENERATE_INFOPLIST_FILE = YES;
				MARKETING_VERSION = 1.0;
				PRODUCT_BUNDLE_IDENTIFIER = "com.bngl.BFChain.Plaoc-iOSUITests";
				PRODUCT_NAME = "$(TARGET_NAME)";
				SWIFT_EMIT_LOC_STRINGS = NO;
				SWIFT_VERSION = 5.0;
				TARGETED_DEVICE_FAMILY = "1,2";
				TEST_TARGET_NAME = "Plaoc-iOS";
			};
			name = Debug;
		};
		04BC49C828587591003FE6D9 /* Release */ = {
			isa = XCBuildConfiguration;
			baseConfigurationReference = 705FA159B7FAAE859B2A8489 /* Pods-Plaoc-iOS-Plaoc-iOSUITests.release.xcconfig */;
			buildSettings = {
				ALWAYS_EMBED_SWIFT_STANDARD_LIBRARIES = YES;
				CODE_SIGN_STYLE = Automatic;
				CURRENT_PROJECT_VERSION = 1;
				GENERATE_INFOPLIST_FILE = YES;
				MARKETING_VERSION = 1.0;
				PRODUCT_BUNDLE_IDENTIFIER = "com.bngl.BFChain.Plaoc-iOSUITests";
				PRODUCT_NAME = "$(TARGET_NAME)";
				SWIFT_EMIT_LOC_STRINGS = NO;
				SWIFT_VERSION = 5.0;
				TARGETED_DEVICE_FAMILY = "1,2";
				TEST_TARGET_NAME = "Plaoc-iOS";
			};
			name = Release;
		};
/* End XCBuildConfiguration section */

/* Begin XCConfigurationList section */
		04BC49912858758E003FE6D9 /* Build configuration list for PBXProject "Plaoc-iOS" */ = {
			isa = XCConfigurationList;
			buildConfigurations = (
				04BC49BE28587591003FE6D9 /* Debug */,
				04BC49BF28587591003FE6D9 /* Release */,
			);
			defaultConfigurationIsVisible = 0;
			defaultConfigurationName = Release;
		};
		04BC49C028587591003FE6D9 /* Build configuration list for PBXNativeTarget "Plaoc-iOS" */ = {
			isa = XCConfigurationList;
			buildConfigurations = (
				04BC49C128587591003FE6D9 /* Debug */,
				04BC49C228587591003FE6D9 /* Release */,
			);
			defaultConfigurationIsVisible = 0;
			defaultConfigurationName = Release;
		};
		04BC49C328587591003FE6D9 /* Build configuration list for PBXNativeTarget "Plaoc-iOSTests" */ = {
			isa = XCConfigurationList;
			buildConfigurations = (
				04BC49C428587591003FE6D9 /* Debug */,
				04BC49C528587591003FE6D9 /* Release */,
			);
			defaultConfigurationIsVisible = 0;
			defaultConfigurationName = Release;
		};
		04BC49C628587591003FE6D9 /* Build configuration list for PBXNativeTarget "Plaoc-iOSUITests" */ = {
			isa = XCConfigurationList;
			buildConfigurations = (
				04BC49C728587591003FE6D9 /* Debug */,
				04BC49C828587591003FE6D9 /* Release */,
			);
			defaultConfigurationIsVisible = 0;
			defaultConfigurationName = Release;
		};
/* End XCConfigurationList section */
	};
	rootObject = 04BC498E2858758E003FE6D9 /* Project object */;
}
